// !$*UTF8*$!
{
	archiveVersion = 1;
	classes = {
	};
	objectVersion = 50;
	objects = {

/* Begin PBXBuildFile section */
		6B0F320B255714B3002A8A5D /* ActivityIndicator.swift in Sources */ = {isa = PBXBuildFile; fileRef = 6B0F320A255714B3002A8A5D /* ActivityIndicator.swift */; };
		6B42B4822552CB81000737C3 /* AccordionView.swift in Sources */ = {isa = PBXBuildFile; fileRef = 6B42B4812552CB81000737C3 /* AccordionView.swift */; };
		6B42B4852552D026000737C3 /* CircleView.swift in Sources */ = {isa = PBXBuildFile; fileRef = 6B42B4842552D026000737C3 /* CircleView.swift */; };
		6B42B4882552D0D9000737C3 /* HorizontalBarView.swift in Sources */ = {isa = PBXBuildFile; fileRef = 6B42B4872552D0D9000737C3 /* HorizontalBarView.swift */; };
		6B8C139C2559B5D100044CAD /* RotatingDotsIndicatorView.swift in Sources */ = {isa = PBXBuildFile; fileRef = 6B8C139B2559B5D100044CAD /* RotatingDotsIndicatorView.swift */; };
		6B8C13A02559C1F900044CAD /* SeismicWaveView.swift in Sources */ = {isa = PBXBuildFile; fileRef = 6B8C139F2559C1F900044CAD /* SeismicWaveView.swift */; };
		6BA72E9325529BE600BD915E /* LoadingAnimationsApp.swift in Sources */ = {isa = PBXBuildFile; fileRef = 6BA72E9225529BE600BD915E /* LoadingAnimationsApp.swift */; };
		6BA72E9525529BE600BD915E /* ContentView.swift in Sources */ = {isa = PBXBuildFile; fileRef = 6BA72E9425529BE600BD915E /* ContentView.swift */; };
		6BA72E9725529BE700BD915E /* Assets.xcassets in Resources */ = {isa = PBXBuildFile; fileRef = 6BA72E9625529BE700BD915E /* Assets.xcassets */; };
		6BA72E9A25529BE700BD915E /* Preview Assets.xcassets in Resources */ = {isa = PBXBuildFile; fileRef = 6BA72E9925529BE700BD915E /* Preview Assets.xcassets */; };
		6BD5D1892558505600786C00 /* AudioEqualizer.swift in Sources */ = {isa = PBXBuildFile; fileRef = 6BD5D1882558505600786C00 /* AudioEqualizer.swift */; };
/* End PBXBuildFile section */

/* Begin PBXFileReference section */
		6B0F320A255714B3002A8A5D /* ActivityIndicator.swift */ = {isa = PBXFileReference; lastKnownFileType = sourcecode.swift; path = ActivityIndicator.swift; sourceTree = "<group>"; };
		6B42B4812552CB81000737C3 /* AccordionView.swift */ = {isa = PBXFileReference; lastKnownFileType = sourcecode.swift; path = AccordionView.swift; sourceTree = "<group>"; };
		6B42B4842552D026000737C3 /* CircleView.swift */ = {isa = PBXFileReference; lastKnownFileType = sourcecode.swift; path = CircleView.swift; sourceTree = "<group>"; };
		6B42B4872552D0D9000737C3 /* HorizontalBarView.swift */ = {isa = PBXFileReference; lastKnownFileType = sourcecode.swift; path = HorizontalBarView.swift; sourceTree = "<group>"; };
		6B8C139B2559B5D100044CAD /* RotatingDotsIndicatorView.swift */ = {isa = PBXFileReference; lastKnownFileType = sourcecode.swift; path = RotatingDotsIndicatorView.swift; sourceTree = "<group>"; };
		6B8C139F2559C1F900044CAD /* SeismicWaveView.swift */ = {isa = PBXFileReference; lastKnownFileType = sourcecode.swift; path = SeismicWaveView.swift; sourceTree = "<group>"; };
		6BA72E8F25529BE600BD915E /* LoadingAnimations.app */ = {isa = PBXFileReference; explicitFileType = wrapper.application; includeInIndex = 0; path = LoadingAnimations.app; sourceTree = BUILT_PRODUCTS_DIR; };
		6BA72E9225529BE600BD915E /* LoadingAnimationsApp.swift */ = {isa = PBXFileReference; lastKnownFileType = sourcecode.swift; path = LoadingAnimationsApp.swift; sourceTree = "<group>"; };
		6BA72E9425529BE600BD915E /* ContentView.swift */ = {isa = PBXFileReference; lastKnownFileType = sourcecode.swift; path = ContentView.swift; sourceTree = "<group>"; };
		6BA72E9625529BE700BD915E /* Assets.xcassets */ = {isa = PBXFileReference; lastKnownFileType = folder.assetcatalog; path = Assets.xcassets; sourceTree = "<group>"; };
		6BA72E9925529BE700BD915E /* Preview Assets.xcassets */ = {isa = PBXFileReference; lastKnownFileType = folder.assetcatalog; path = "Preview Assets.xcassets"; sourceTree = "<group>"; };
		6BA72E9B25529BE700BD915E /* Info.plist */ = {isa = PBXFileReference; lastKnownFileType = text.plist.xml; path = Info.plist; sourceTree = "<group>"; };
		6BD5D1882558505600786C00 /* AudioEqualizer.swift */ = {isa = PBXFileReference; lastKnownFileType = sourcecode.swift; path = AudioEqualizer.swift; sourceTree = "<group>"; };
/* End PBXFileReference section */

/* Begin PBXFrameworksBuildPhase section */
		6BA72E8C25529BE600BD915E /* Frameworks */ = {
			isa = PBXFrameworksBuildPhase;
			buildActionMask = 2147483647;
			files = (
			);
			runOnlyForDeploymentPostprocessing = 0;
		};
/* End PBXFrameworksBuildPhase section */

/* Begin PBXGroup section */
		6BA72E8625529BE600BD915E = {
			isa = PBXGroup;
			children = (
				6BA72E9125529BE600BD915E /* LoadingAnimations */,
				6BA72E9025529BE600BD915E /* Products */,
			);
			sourceTree = "<group>";
		};
		6BA72E9025529BE600BD915E /* Products */ = {
			isa = PBXGroup;
			children = (
				6BA72E8F25529BE600BD915E /* LoadingAnimations.app */,
			);
			name = Products;
			sourceTree = "<group>";
		};
		6BA72E9125529BE600BD915E /* LoadingAnimations */ = {
			isa = PBXGroup;
			children = (
				6BA72E9225529BE600BD915E /* LoadingAnimationsApp.swift */,
				6BA72E9425529BE600BD915E /* ContentView.swift */,
				6B0F320A255714B3002A8A5D /* ActivityIndicator.swift */,
				6B8C139F2559C1F900044CAD /* SeismicWaveView.swift */,
				6B8C139B2559B5D100044CAD /* RotatingDotsIndicatorView.swift */,
				6BD5D1882558505600786C00 /* AudioEqualizer.swift */,
				6B42B4812552CB81000737C3 /* AccordionView.swift */,
				6B42B4872552D0D9000737C3 /* HorizontalBarView.swift */,
				6B42B4842552D026000737C3 /* CircleView.swift */,
				6BA72E9625529BE700BD915E /* Assets.xcassets */,
				6BA72E9B25529BE700BD915E /* Info.plist */,
				6BA72E9825529BE700BD915E /* Preview Content */,
			);
			path = LoadingAnimations;
			sourceTree = "<group>";
		};
		6BA72E9825529BE700BD915E /* Preview Content */ = {
			isa = PBXGroup;
			children = (
				6BA72E9925529BE700BD915E /* Preview Assets.xcassets */,
			);
			path = "Preview Content";
			sourceTree = "<group>";
		};
/* End PBXGroup section */

/* Begin PBXNativeTarget section */
		6BA72E8E25529BE600BD915E /* LoadingAnimations */ = {
			isa = PBXNativeTarget;
			buildConfigurationList = 6BA72E9E25529BE700BD915E /* Build configuration list for PBXNativeTarget "LoadingAnimations" */;
			buildPhases = (
				6BA72E8B25529BE600BD915E /* Sources */,
				6BA72E8C25529BE600BD915E /* Frameworks */,
				6BA72E8D25529BE600BD915E /* Resources */,
			);
			buildRules = (
			);
			dependencies = (
			);
			name = LoadingAnimations;
			productName = LoadingAnimations;
			productReference = 6BA72E8F25529BE600BD915E /* LoadingAnimations.app */;
			productType = "com.apple.product-type.application";
		};
/* End PBXNativeTarget section */

/* Begin PBXProject section */
		6BA72E8725529BE600BD915E /* Project object */ = {
			isa = PBXProject;
			attributes = {
				LastSwiftUpdateCheck = 1200;
				LastUpgradeCheck = 1200;
				TargetAttributes = {
					6BA72E8E25529BE600BD915E = {
						CreatedOnToolsVersion = 12.0.1;
					};
				};
			};
			buildConfigurationList = 6BA72E8A25529BE600BD915E /* Build configuration list for PBXProject "LoadingAnimations" */;
			compatibilityVersion = "Xcode 9.3";
			developmentRegion = en;
			hasScannedForEncodings = 0;
			knownRegions = (
				en,
				Base,
			);
			mainGroup = 6BA72E8625529BE600BD915E;
			productRefGroup = 6BA72E9025529BE600BD915E /* Products */;
			projectDirPath = "";
			projectRoot = "";
			targets = (
				6BA72E8E25529BE600BD915E /* LoadingAnimations */,
			);
		};
/* End PBXProject section */

/* Begin PBXResourcesBuildPhase section */
		6BA72E8D25529BE600BD915E /* Resources */ = {
			isa = PBXResourcesBuildPhase;
			buildActionMask = 2147483647;
			files = (
				6BA72E9A25529BE700BD915E /* Preview Assets.xcassets in Resources */,
				6BA72E9725529BE700BD915E /* Assets.xcassets in Resources */,
			);
			runOnlyForDeploymentPostprocessing = 0;
		};
/* End PBXResourcesBuildPhase section */

/* Begin PBXSourcesBuildPhase section */
		6BA72E8B25529BE600BD915E /* Sources */ = {
			isa = PBXSourcesBuildPhase;
			buildActionMask = 2147483647;
			files = (
				6BA72E9525529BE600BD915E /* ContentView.swift in Sources */,
				6BD5D1892558505600786C00 /* AudioEqualizer.swift in Sources */,
				6B42B4852552D026000737C3 /* CircleView.swift in Sources */,
				6BA72E9325529BE600BD915E /* LoadingAnimationsApp.swift in Sources */,
				6B8C139C2559B5D100044CAD /* RotatingDotsIndicatorView.swift in Sources */,
				6B42B4882552D0D9000737C3 /* HorizontalBarView.swift in Sources */,
				6B0F320B255714B3002A8A5D /* ActivityIndicator.swift in Sources */,
				6B42B4822552CB81000737C3 /* AccordionView.swift in Sources */,
				6B8C13A02559C1F900044CAD /* SeismicWaveView.swift in Sources */,
			);
			runOnlyForDeploymentPostprocessing = 0;
		};
/* End PBXSourcesBuildPhase section */

/* Begin XCBuildConfiguration section */
		6BA72E9C25529BE700BD915E /* Debug */ = {
			isa = XCBuildConfiguration;
			buildSettings = {
				ALWAYS_SEARCH_USER_PATHS = NO;
				CLANG_ANALYZER_NONNULL = YES;
				CLANG_ANALYZER_NUMBER_OBJECT_CONVERSION = YES_AGGRESSIVE;
				CLANG_CXX_LANGUAGE_STANDARD = "gnu++14";
				CLANG_CXX_LIBRARY = "libc++";
				CLANG_ENABLE_MODULES = YES;
				CLANG_ENABLE_OBJC_ARC = YES;
				CLANG_ENABLE_OBJC_WEAK = YES;
				CLANG_WARN_BLOCK_CAPTURE_AUTORELEASING = YES;
				CLANG_WARN_BOOL_CONVERSION = YES;
				CLANG_WARN_COMMA = YES;
				CLANG_WARN_CONSTANT_CONVERSION = YES;
				CLANG_WARN_DEPRECATED_OBJC_IMPLEMENTATIONS = YES;
				CLANG_WARN_DIRECT_OBJC_ISA_USAGE = YES_ERROR;
				CLANG_WARN_DOCUMENTATION_COMMENTS = YES;
				CLANG_WARN_EMPTY_BODY = YES;
				CLANG_WARN_ENUM_CONVERSION = YES;
				CLANG_WARN_INFINITE_RECURSION = YES;
				CLANG_WARN_INT_CONVERSION = YES;
				CLANG_WARN_NON_LITERAL_NULL_CONVERSION = YES;
				CLANG_WARN_OBJC_IMPLICIT_RETAIN_SELF = YES;
				CLANG_WARN_OBJC_LITERAL_CONVERSION = YES;
				CLANG_WARN_OBJC_ROOT_CLASS = YES_ERROR;
				CLANG_WARN_QUOTED_INCLUDE_IN_FRAMEWORK_HEADER = YES;
				CLANG_WARN_RANGE_LOOP_ANALYSIS = YES;
				CLANG_WARN_STRICT_PROTOTYPES = YES;
				CLANG_WARN_SUSPICIOUS_MOVE = YES;
				CLANG_WARN_UNGUARDED_AVAILABILITY = YES_AGGRESSIVE;
				CLANG_WARN_UNREACHABLE_CODE = YES;
				CLANG_WARN__DUPLICATE_METHOD_MATCH = YES;
				COPY_PHASE_STRIP = NO;
				DEBUG_INFORMATION_FORMAT = dwarf;
				ENABLE_STRICT_OBJC_MSGSEND = YES;
				ENABLE_TESTABILITY = YES;
				GCC_C_LANGUAGE_STANDARD = gnu11;
				GCC_DYNAMIC_NO_PIC = NO;
				GCC_NO_COMMON_BLOCKS = YES;
				GCC_OPTIMIZATION_LEVEL = 0;
				GCC_PREPROCESSOR_DEFINITIONS = (
					"DEBUG=1",
					"$(inherited)",
				);
				GCC_WARN_64_TO_32_BIT_CONVERSION = YES;
				GCC_WARN_ABOUT_RETURN_TYPE = YES_ERROR;
				GCC_WARN_UNDECLARED_SELECTOR = YES;
				GCC_WARN_UNINITIALIZED_AUTOS = YES_AGGRESSIVE;
				GCC_WARN_UNUSED_FUNCTION = YES;
				GCC_WARN_UNUSED_VARIABLE = YES;
				IPHONEOS_DEPLOYMENT_TARGET = 14.0;
				MTL_ENABLE_DEBUG_INFO = INCLUDE_SOURCE;
				MTL_FAST_MATH = YES;
				ONLY_ACTIVE_ARCH = YES;
				SDKROOT = iphoneos;
				SWIFT_ACTIVE_COMPILATION_CONDITIONS = DEBUG;
				SWIFT_OPTIMIZATION_LEVEL = "-Onone";
			};
			name = Debug;
		};
		6BA72E9D25529BE700BD915E /* Release */ = {
			isa = XCBuildConfiguration;
			buildSettings = {
				ALWAYS_SEARCH_USER_PATHS = NO;
				CLANG_ANALYZER_NONNULL = YES;
				CLANG_ANALYZER_NUMBER_OBJECT_CONVERSION = YES_AGGRESSIVE;
				CLANG_CXX_LANGUAGE_STANDARD = "gnu++14";
				CLANG_CXX_LIBRARY = "libc++";
				CLANG_ENABLE_MODULES = YES;
				CLANG_ENABLE_OBJC_ARC = YES;
				CLANG_ENABLE_OBJC_WEAK = YES;
				CLANG_WARN_BLOCK_CAPTURE_AUTORELEASING = YES;
				CLANG_WARN_BOOL_CONVERSION = YES;
				CLANG_WARN_COMMA = YES;
				CLANG_WARN_CONSTANT_CONVERSION = YES;
				CLANG_WARN_DEPRECATED_OBJC_IMPLEMENTATIONS = YES;
				CLANG_WARN_DIRECT_OBJC_ISA_USAGE = YES_ERROR;
				CLANG_WARN_DOCUMENTATION_COMMENTS = YES;
				CLANG_WARN_EMPTY_BODY = YES;
				CLANG_WARN_ENUM_CONVERSION = YES;
				CLANG_WARN_INFINITE_RECURSION = YES;
				CLANG_WARN_INT_CONVERSION = YES;
				CLANG_WARN_NON_LITERAL_NULL_CONVERSION = YES;
				CLANG_WARN_OBJC_IMPLICIT_RETAIN_SELF = YES;
				CLANG_WARN_OBJC_LITERAL_CONVERSION = YES;
				CLANG_WARN_OBJC_ROOT_CLASS = YES_ERROR;
				CLANG_WARN_QUOTED_INCLUDE_IN_FRAMEWORK_HEADER = YES;
				CLANG_WARN_RANGE_LOOP_ANALYSIS = YES;
				CLANG_WARN_STRICT_PROTOTYPES = YES;
				CLANG_WARN_SUSPICIOUS_MOVE = YES;
				CLANG_WARN_UNGUARDED_AVAILABILITY = YES_AGGRESSIVE;
				CLANG_WARN_UNREACHABLE_CODE = YES;
				CLANG_WARN__DUPLICATE_METHOD_MATCH = YES;
				COPY_PHASE_STRIP = NO;
				DEBUG_INFORMATION_FORMAT = "dwarf-with-dsym";
				ENABLE_NS_ASSERTIONS = NO;
				ENABLE_STRICT_OBJC_MSGSEND = YES;
				GCC_C_LANGUAGE_STANDARD = gnu11;
				GCC_NO_COMMON_BLOCKS = YES;
				GCC_WARN_64_TO_32_BIT_CONVERSION = YES;
				GCC_WARN_ABOUT_RETURN_TYPE = YES_ERROR;
				GCC_WARN_UNDECLARED_SELECTOR = YES;
				GCC_WARN_UNINITIALIZED_AUTOS = YES_AGGRESSIVE;
				GCC_WARN_UNUSED_FUNCTION = YES;
				GCC_WARN_UNUSED_VARIABLE = YES;
				IPHONEOS_DEPLOYMENT_TARGET = 14.0;
				MTL_ENABLE_DEBUG_INFO = NO;
				MTL_FAST_MATH = YES;
				SDKROOT = iphoneos;
				SWIFT_COMPILATION_MODE = wholemodule;
				SWIFT_OPTIMIZATION_LEVEL = "-O";
				VALIDATE_PRODUCT = YES;
			};
			name = Release;
		};
		6BA72E9F25529BE700BD915E /* Debug */ = {
			isa = XCBuildConfiguration;
			buildSettings = {
				ASSETCATALOG_COMPILER_APPICON_NAME = AppIcon;
				ASSETCATALOG_COMPILER_GLOBAL_ACCENT_COLOR_NAME = AccentColor;
				CODE_SIGN_STYLE = Automatic;
				DEVELOPMENT_ASSET_PATHS = "\"LoadingAnimations/Preview Content\"";
				ENABLE_PREVIEWS = YES;
				INFOPLIST_FILE = LoadingAnimations/Info.plist;
				IPHONEOS_DEPLOYMENT_TARGET = 14.0;
				LD_RUNPATH_SEARCH_PATHS = (
					"$(inherited)",
					"@executable_path/Frameworks",
				);
				PRODUCT_BUNDLE_IDENTIFIER = io.github.DevLiuSir.LoadingAnimations;
				PRODUCT_NAME = "$(TARGET_NAME)";
				SWIFT_VERSION = 5.0;
				TARGETED_DEVICE_FAMILY = "1,2";
			};
			name = Debug;
		};
		6BA72EA025529BE700BD915E /* Release */ = {
			isa = XCBuildConfiguration;
			buildSettings = {
				ASSETCATALOG_COMPILER_APPICON_NAME = AppIcon;
				ASSETCATALOG_COMPILER_GLOBAL_ACCENT_COLOR_NAME = AccentColor;
				CODE_SIGN_STYLE = Automatic;
				DEVELOPMENT_ASSET_PATHS = "\"LoadingAnimations/Preview Content\"";
				ENABLE_PREVIEWS = YES;
				INFOPLIST_FILE = LoadingAnimations/Info.plist;
				IPHONEOS_DEPLOYMENT_TARGET = 14.0;
				LD_RUNPATH_SEARCH_PATHS = (
					"$(inherited)",
					"@executable_path/Frameworks",
				);
				PRODUCT_BUNDLE_IDENTIFIER = io.github.DevLiuSir.LoadingAnimations;
				PRODUCT_NAME = "$(TARGET_NAME)";
				SWIFT_VERSION = 5.0;
				TARGETED_DEVICE_FAMILY = "1,2";
			};
			name = Release;
		};
/* End XCBuildConfiguration section */

/* Begin XCConfigurationList section */
		6BA72E8A25529BE600BD915E /* Build configuration list for PBXProject "LoadingAnimations" */ = {
			isa = XCConfigurationList;
			buildConfigurations = (
				6BA72E9C25529BE700BD915E /* Debug */,
				6BA72E9D25529BE700BD915E /* Release */,
			);
			defaultConfigurationIsVisible = 0;
			defaultConfigurationName = Release;
		};
		6BA72E9E25529BE700BD915E /* Build configuration list for PBXNativeTarget "LoadingAnimations" */ = {
			isa = XCConfigurationList;
			buildConfigurations = (
				6BA72E9F25529BE700BD915E /* Debug */,
				6BA72EA025529BE700BD915E /* Release */,
			);
			defaultConfigurationIsVisible = 0;
			defaultConfigurationName = Release;
		};
/* End XCConfigurationList section */
	};
	rootObject = 6BA72E8725529BE600BD915E /* Project object */;
}
