// !$*UTF8*$!
{
	archiveVersion = 1;
	classes = {
	};
	objectVersion = 50;
	objects = {

/* Begin PBXBuildFile section */
		6B2E381F253B7EB800E985E2 /* LockScreenBatteryMagSafeApp.swift in Sources */ = {isa = PBXBuildFile; fileRef = 6B2E381E253B7EB800E985E2 /* LockScreenBatteryMagSafeApp.swift */; };
		6B2E3821253B7EB800E985E2 /* ContentView.swift in Sources */ = {isa = PBXBuildFile; fileRef = 6B2E3820253B7EB800E985E2 /* ContentView.swift */; };
		6B2E3823253B7EBA00E985E2 /* Assets.xcassets in Resources */ = {isa = PBXBuildFile; fileRef = 6B2E3822253B7EBA00E985E2 /* Assets.xcassets */; };
		6B2E3826253B7EBA00E985E2 /* Preview Assets.xcassets in Resources */ = {isa = PBXBuildFile; fileRef = 6B2E3825253B7EBA00E985E2 /* Preview Assets.xcassets */; };
		6B2E382F253B7EF400E985E2 /* HomeView.swift in Sources */ = {isa = PBXBuildFile; fileRef = 6B2E382E253B7EF400E985E2 /* HomeView.swift */; };
/* End PBXBuildFile section */

/* Begin PBXFileReference section */
		6B2E381B253B7EB800E985E2 /* LockScreenBatteryMagSafe.app */ = {isa = PBXFileReference; explicitFileType = wrapper.application; includeInIndex = 0; path = LockScreenBatteryMagSafe.app; sourceTree = BUILT_PRODUCTS_DIR; };
		6B2E381E253B7EB800E985E2 /* LockScreenBatteryMagSafeApp.swift */ = {isa = PBXFileReference; lastKnownFileType = sourcecode.swift; path = LockScreenBatteryMagSafeApp.swift; sourceTree = "<group>"; };
		6B2E3820253B7EB800E985E2 /* ContentView.swift */ = {isa = PBXFileReference; lastKnownFileType = sourcecode.swift; path = ContentView.swift; sourceTree = "<group>"; };
		6B2E3822253B7EBA00E985E2 /* Assets.xcassets */ = {isa = PBXFileReference; lastKnownFileType = folder.assetcatalog; path = Assets.xcassets; sourceTree = "<group>"; };
		6B2E3825253B7EBA00E985E2 /* Preview Assets.xcassets */ = {isa = PBXFileReference; lastKnownFileType = folder.assetcatalog; path = "Preview Assets.xcassets"; sourceTree = "<group>"; };
		6B2E3827253B7EBA00E985E2 /* Info.plist */ = {isa = PBXFileReference; lastKnownFileType = text.plist.xml; path = Info.plist; sourceTree = "<group>"; };
		6B2E382E253B7EF400E985E2 /* HomeView.swift */ = {isa = PBXFileReference; fileEncoding = 4; lastKnownFileType = sourcecode.swift; path = HomeView.swift; sourceTree = "<group>"; };
/* End PBXFileReference section */

/* Begin PBXFrameworksBuildPhase section */
		6B2E3818253B7EB800E985E2 /* Frameworks */ = {
			isa = PBXFrameworksBuildPhase;
			buildActionMask = 2147483647;
			files = (
			);
			runOnlyForDeploymentPostprocessing = 0;
		};
/* End PBXFrameworksBuildPhase section */

/* Begin PBXGroup section */
		6B2E3812253B7EB700E985E2 = {
			isa = PBXGroup;
			children = (
				6B2E381D253B7EB800E985E2 /* LockScreenBatteryMagSafe */,
				6B2E381C253B7EB800E985E2 /* Products */,
			);
			sourceTree = "<group>";
		};
		6B2E381C253B7EB800E985E2 /* Products */ = {
			isa = PBXGroup;
			children = (
				6B2E381B253B7EB800E985E2 /* LockScreenBatteryMagSafe.app */,
			);
			name = Products;
			sourceTree = "<group>";
		};
		6B2E381D253B7EB800E985E2 /* LockScreenBatteryMagSafe */ = {
			isa = PBXGroup;
			children = (
				6B2E381E253B7EB800E985E2 /* LockScreenBatteryMagSafeApp.swift */,
				6B2E3820253B7EB800E985E2 /* ContentView.swift */,
				6B2E382E253B7EF400E985E2 /* HomeView.swift */,
				6B2E3822253B7EBA00E985E2 /* Assets.xcassets */,
				6B2E3827253B7EBA00E985E2 /* Info.plist */,
				6B2E3824253B7EBA00E985E2 /* Preview Content */,
			);
			path = LockScreenBatteryMagSafe;
			sourceTree = "<group>";
		};
		6B2E3824253B7EBA00E985E2 /* Preview Content */ = {
			isa = PBXGroup;
			children = (
				6B2E3825253B7EBA00E985E2 /* Preview Assets.xcassets */,
			);
			path = "Preview Content";
			sourceTree = "<group>";
		};
/* End PBXGroup section */

/* Begin PBXNativeTarget section */
		6B2E381A253B7EB800E985E2 /* LockScreenBatteryMagSafe */ = {
			isa = PBXNativeTarget;
			buildConfigurationList = 6B2E382A253B7EBA00E985E2 /* Build configuration list for PBXNativeTarget "LockScreenBatteryMagSafe" */;
			buildPhases = (
				6B2E3817253B7EB800E985E2 /* Sources */,
				6B2E3818253B7EB800E985E2 /* Frameworks */,
				6B2E3819253B7EB800E985E2 /* Resources */,
			);
			buildRules = (
			);
			dependencies = (
			);
			name = LockScreenBatteryMagSafe;
			productName = LockScreenBatteryMagSafe;
			productReference = 6B2E381B253B7EB800E985E2 /* LockScreenBatteryMagSafe.app */;
			productType = "com.apple.product-type.application";
		};
/* End PBXNativeTarget section */

/* Begin PBXProject section */
		6B2E3813253B7EB700E985E2 /* Project object */ = {
			isa = PBXProject;
			attributes = {
				LastSwiftUpdateCheck = 1200;
				LastUpgradeCheck = 1200;
				TargetAttributes = {
					6B2E381A253B7EB800E985E2 = {
						CreatedOnToolsVersion = 12.0.1;
					};
				};
			};
			buildConfigurationList = 6B2E3816253B7EB700E985E2 /* Build configuration list for PBXProject "LockScreenBatteryMagSafe" */;
			compatibilityVersion = "Xcode 9.3";
			developmentRegion = en;
			hasScannedForEncodings = 0;
			knownRegions = (
				en,
				Base,
			);
			mainGroup = 6B2E3812253B7EB700E985E2;
			productRefGroup = 6B2E381C253B7EB800E985E2 /* Products */;
			projectDirPath = "";
			projectRoot = "";
			targets = (
				6B2E381A253B7EB800E985E2 /* LockScreenBatteryMagSafe */,
			);
		};
/* End PBXProject section */

/* Begin PBXResourcesBuildPhase section */
		6B2E3819253B7EB800E985E2 /* Resources */ = {
			isa = PBXResourcesBuildPhase;
			buildActionMask = 2147483647;
			files = (
				6B2E3826253B7EBA00E985E2 /* Preview Assets.xcassets in Resources */,
				6B2E3823253B7EBA00E985E2 /* Assets.xcassets in Resources */,
			);
			runOnlyForDeploymentPostprocessing = 0;
		};
/* End PBXResourcesBuildPhase section */

/* Begin PBXSourcesBuildPhase section */
		6B2E3817253B7EB800E985E2 /* Sources */ = {
			isa = PBXSourcesBuildPhase;
			buildActionMask = 2147483647;
			files = (
				6B2E382F253B7EF400E985E2 /* HomeView.swift in Sources */,
				6B2E3821253B7EB800E985E2 /* ContentView.swift in Sources */,
				6B2E381F253B7EB800E985E2 /* LockScreenBatteryMagSafeApp.swift in Sources */,
			);
			runOnlyForDeploymentPostprocessing = 0;
		};
/* End PBXSourcesBuildPhase section */

/* Begin XCBuildConfiguration section */
		6B2E3828253B7EBA00E985E2 /* Debug */ = {
			isa = XCBuildConfiguration;
			buildSettings = {
				ALWAYS_SEARCH_USER_PATHS = NO;
				CLANG_ANALYZER_NONNULL = YES;
				CLANG_ANALYZER_NUMBER_OBJECT_CONVERSION = YES_AGGRESSIVE;
				CLANG_CXX_LANGUAGE_STANDARD = "gnu++14";
				CLANG_CXX_LIBRARY = "libc++";
				CLANG_ENABLE_MODULES = YES;
				CLANG_ENABLE_OBJC_ARC = YES;
				CLANG_ENABLE_OBJC_WEAK = YES;
				CLANG_WARN_BLOCK_CAPTURE_AUTORELEASING = YES;
				CLANG_WARN_BOOL_CONVERSION = YES;
				CLANG_WARN_COMMA = YES;
				CLANG_WARN_CONSTANT_CONVERSION = YES;
				CLANG_WARN_DEPRECATED_OBJC_IMPLEMENTATIONS = YES;
				CLANG_WARN_DIRECT_OBJC_ISA_USAGE = YES_ERROR;
				CLANG_WARN_DOCUMENTATION_COMMENTS = YES;
				CLANG_WARN_EMPTY_BODY = YES;
				CLANG_WARN_ENUM_CONVERSION = YES;
				CLANG_WARN_INFINITE_RECURSION = YES;
				CLANG_WARN_INT_CONVERSION = YES;
				CLANG_WARN_NON_LITERAL_NULL_CONVERSION = YES;
				CLANG_WARN_OBJC_IMPLICIT_RETAIN_SELF = YES;
				CLANG_WARN_OBJC_LITERAL_CONVERSION = YES;
				CLANG_WARN_OBJC_ROOT_CLASS = YES_ERROR;
				CLANG_WARN_QUOTED_INCLUDE_IN_FRAMEWORK_HEADER = YES;
				CLANG_WARN_RANGE_LOOP_ANALYSIS = YES;
				CLANG_WARN_STRICT_PROTOTYPES = YES;
				CLANG_WARN_SUSPICIOUS_MOVE = YES;
				CLANG_WARN_UNGUARDED_AVAILABILITY = YES_AGGRESSIVE;
				CLANG_WARN_UNREACHABLE_CODE = YES;
				CLANG_WARN__DUPLICATE_METHOD_MATCH = YES;
				COPY_PHASE_STRIP = NO;
				DEBUG_INFORMATION_FORMAT = dwarf;
				ENABLE_STRICT_OBJC_MSGSEND = YES;
				ENABLE_TESTABILITY = YES;
				GCC_C_LANGUAGE_STANDARD = gnu11;
				GCC_DYNAMIC_NO_PIC = NO;
				GCC_NO_COMMON_BLOCKS = YES;
				GCC_OPTIMIZATION_LEVEL = 0;
				GCC_PREPROCESSOR_DEFINITIONS = (
					"DEBUG=1",
					"$(inherited)",
				);
				GCC_WARN_64_TO_32_BIT_CONVERSION = YES;
				GCC_WARN_ABOUT_RETURN_TYPE = YES_ERROR;
				GCC_WARN_UNDECLARED_SELECTOR = YES;
				GCC_WARN_UNINITIALIZED_AUTOS = YES_AGGRESSIVE;
				GCC_WARN_UNUSED_FUNCTION = YES;
				GCC_WARN_UNUSED_VARIABLE = YES;
				IPHONEOS_DEPLOYMENT_TARGET = 14.0;
				MTL_ENABLE_DEBUG_INFO = INCLUDE_SOURCE;
				MTL_FAST_MATH = YES;
				ONLY_ACTIVE_ARCH = YES;
				SDKROOT = iphoneos;
				SWIFT_ACTIVE_COMPILATION_CONDITIONS = DEBUG;
				SWIFT_OPTIMIZATION_LEVEL = "-Onone";
			};
			name = Debug;
		};
		6B2E3829253B7EBA00E985E2 /* Release */ = {
			isa = XCBuildConfiguration;
			buildSettings = {
				ALWAYS_SEARCH_USER_PATHS = NO;
				CLANG_ANALYZER_NONNULL = YES;
				CLANG_ANALYZER_NUMBER_OBJECT_CONVERSION = YES_AGGRESSIVE;
				CLANG_CXX_LANGUAGE_STANDARD = "gnu++14";
				CLANG_CXX_LIBRARY = "libc++";
				CLANG_ENABLE_MODULES = YES;
				CLANG_ENABLE_OBJC_ARC = YES;
				CLANG_ENABLE_OBJC_WEAK = YES;
				CLANG_WARN_BLOCK_CAPTURE_AUTORELEASING = YES;
				CLANG_WARN_BOOL_CONVERSION = YES;
				CLANG_WARN_COMMA = YES;
				CLANG_WARN_CONSTANT_CONVERSION = YES;
				CLANG_WARN_DEPRECATED_OBJC_IMPLEMENTATIONS = YES;
				CLANG_WARN_DIRECT_OBJC_ISA_USAGE = YES_ERROR;
				CLANG_WARN_DOCUMENTATION_COMMENTS = YES;
				CLANG_WARN_EMPTY_BODY = YES;
				CLANG_WARN_ENUM_CONVERSION = YES;
				CLANG_WARN_INFINITE_RECURSION = YES;
				CLANG_WARN_INT_CONVERSION = YES;
				CLANG_WARN_NON_LITERAL_NULL_CONVERSION = YES;
				CLANG_WARN_OBJC_IMPLICIT_RETAIN_SELF = YES;
				CLANG_WARN_OBJC_LITERAL_CONVERSION = YES;
				CLANG_WARN_OBJC_ROOT_CLASS = YES_ERROR;
				CLANG_WARN_QUOTED_INCLUDE_IN_FRAMEWORK_HEADER = YES;
				CLANG_WARN_RANGE_LOOP_ANALYSIS = YES;
				CLANG_WARN_STRICT_PROTOTYPES = YES;
				CLANG_WARN_SUSPICIOUS_MOVE = YES;
				CLANG_WARN_UNGUARDED_AVAILABILITY = YES_AGGRESSIVE;
				CLANG_WARN_UNREACHABLE_CODE = YES;
				CLANG_WARN__DUPLICATE_METHOD_MATCH = YES;
				COPY_PHASE_STRIP = NO;
				DEBUG_INFORMATION_FORMAT = "dwarf-with-dsym";
				ENABLE_NS_ASSERTIONS = NO;
				ENABLE_STRICT_OBJC_MSGSEND = YES;
				GCC_C_LANGUAGE_STANDARD = gnu11;
				GCC_NO_COMMON_BLOCKS = YES;
				GCC_WARN_64_TO_32_BIT_CONVERSION = YES;
				GCC_WARN_ABOUT_RETURN_TYPE = YES_ERROR;
				GCC_WARN_UNDECLARED_SELECTOR = YES;
				GCC_WARN_UNINITIALIZED_AUTOS = YES_AGGRESSIVE;
				GCC_WARN_UNUSED_FUNCTION = YES;
				GCC_WARN_UNUSED_VARIABLE = YES;
				IPHONEOS_DEPLOYMENT_TARGET = 14.0;
				MTL_ENABLE_DEBUG_INFO = NO;
				MTL_FAST_MATH = YES;
				SDKROOT = iphoneos;
				SWIFT_COMPILATION_MODE = wholemodule;
				SWIFT_OPTIMIZATION_LEVEL = "-O";
				VALIDATE_PRODUCT = YES;
			};
			name = Release;
		};
		6B2E382B253B7EBA00E985E2 /* Debug */ = {
			isa = XCBuildConfiguration;
			buildSettings = {
				ASSETCATALOG_COMPILER_APPICON_NAME = AppIcon;
				ASSETCATALOG_COMPILER_GLOBAL_ACCENT_COLOR_NAME = AccentColor;
				CODE_SIGN_STYLE = Automatic;
				DEVELOPMENT_ASSET_PATHS = "\"LockScreenBatteryMagSafe/Preview Content\"";
				ENABLE_PREVIEWS = YES;
				INFOPLIST_FILE = LockScreenBatteryMagSafe/Info.plist;
				IPHONEOS_DEPLOYMENT_TARGET = 14.0;
				LD_RUNPATH_SEARCH_PATHS = (
					"$(inherited)",
					"@executable_path/Frameworks",
				);
				PRODUCT_BUNDLE_IDENTIFIER = io.github.DevLiuSir.LockScreenBatteryMagSafe;
				PRODUCT_NAME = "$(TARGET_NAME)";
				SWIFT_VERSION = 5.0;
				TARGETED_DEVICE_FAMILY = "1,2";
			};
			name = Debug;
		};
		6B2E382C253B7EBA00E985E2 /* Release */ = {
			isa = XCBuildConfiguration;
			buildSettings = {
				ASSETCATALOG_COMPILER_APPICON_NAME = AppIcon;
				ASSETCATALOG_COMPILER_GLOBAL_ACCENT_COLOR_NAME = AccentColor;
				CODE_SIGN_STYLE = Automatic;
				DEVELOPMENT_ASSET_PATHS = "\"LockScreenBatteryMagSafe/Preview Content\"";
				ENABLE_PREVIEWS = YES;
				INFOPLIST_FILE = LockScreenBatteryMagSafe/Info.plist;
				IPHONEOS_DEPLOYMENT_TARGET = 14.0;
				LD_RUNPATH_SEARCH_PATHS = (
					"$(inherited)",
					"@executable_path/Frameworks",
				);
				PRODUCT_BUNDLE_IDENTIFIER = io.github.DevLiuSir.LockScreenBatteryMagSafe;
				PRODUCT_NAME = "$(TARGET_NAME)";
				SWIFT_VERSION = 5.0;
				TARGETED_DEVICE_FAMILY = "1,2";
			};
			name = Release;
		};
/* End XCBuildConfiguration section */

/* Begin XCConfigurationList section */
		6B2E3816253B7EB700E985E2 /* Build configuration list for PBXProject "LockScreenBatteryMagSafe" */ = {
			isa = XCConfigurationList;
			buildConfigurations = (
				6B2E3828253B7EBA00E985E2 /* Debug */,
				6B2E3829253B7EBA00E985E2 /* Release */,
			);
			defaultConfigurationIsVisible = 0;
			defaultConfigurationName = Release;
		};
		6B2E382A253B7EBA00E985E2 /* Build configuration list for PBXNativeTarget "LockScreenBatteryMagSafe" */ = {
			isa = XCConfigurationList;
			buildConfigurations = (
				6B2E382B253B7EBA00E985E2 /* Debug */,
				6B2E382C253B7EBA00E985E2 /* Release */,
			);
			defaultConfigurationIsVisible = 0;
			defaultConfigurationName = Release;
		};
/* End XCConfigurationList section */
	};
	rootObject = 6B2E3813253B7EB700E985E2 /* Project object */;
}
