// !$*UTF8*$!
{
	archiveVersion = 1;
	classes = {
	};
	objectVersion = 50;
	objects = {

/* Begin PBXBuildFile section */
		6B9B40742571876B00E56B36 /* PowerView.swift in Sources */ = {isa = PBXBuildFile; fileRef = 6B9B406B2571876B00E56B36 /* PowerView.swift */; };
		6B9B40752571876B00E56B36 /* Assets.xcassets in Resources */ = {isa = PBXBuildFile; fileRef = 6B9B406C2571876B00E56B36 /* Assets.xcassets */; };
		6B9B40762571876B00E56B36 /* Shimmer.swift in Sources */ = {isa = PBXBuildFile; fileRef = 6B9B406D2571876B00E56B36 /* Shimmer.swift */; };
		6B9B40772571876B00E56B36 /* Preview Assets.xcassets in Resources */ = {isa = PBXBuildFile; fileRef = 6B9B406F2571876B00E56B36 /* Preview Assets.xcassets */; };
		6B9B40782571876B00E56B36 /* LockScreen.swift in Sources */ = {isa = PBXBuildFile; fileRef = 6B9B40702571876B00E56B36 /* LockScreen.swift */; };
		6B9B40792571876B00E56B36 /* SlideToLockStateApp.swift in Sources */ = {isa = PBXBuildFile; fileRef = 6B9B40712571876B00E56B36 /* SlideToLockStateApp.swift */; };
		6B9B407A2571876B00E56B36 /* ContentView.swift in Sources */ = {isa = PBXBuildFile; fileRef = 6B9B40722571876B00E56B36 /* ContentView.swift */; };
/* End PBXBuildFile section */

/* Begin PBXFileReference section */
		6B3C441B2540B2B4000C5DAC /* SlideToLockState.app */ = {isa = PBXFileReference; explicitFileType = wrapper.application; includeInIndex = 0; path = SlideToLockState.app; sourceTree = BUILT_PRODUCTS_DIR; };
		6B9B406B2571876B00E56B36 /* PowerView.swift */ = {isa = PBXFileReference; fileEncoding = 4; lastKnownFileType = sourcecode.swift; path = PowerView.swift; sourceTree = "<group>"; };
		6B9B406C2571876B00E56B36 /* Assets.xcassets */ = {isa = PBXFileReference; lastKnownFileType = folder.assetcatalog; path = Assets.xcassets; sourceTree = "<group>"; };
		6B9B406D2571876B00E56B36 /* Shimmer.swift */ = {isa = PBXFileReference; fileEncoding = 4; lastKnownFileType = sourcecode.swift; path = Shimmer.swift; sourceTree = "<group>"; };
		6B9B406F2571876B00E56B36 /* Preview Assets.xcassets */ = {isa = PBXFileReference; lastKnownFileType = folder.assetcatalog; path = "Preview Assets.xcassets"; sourceTree = "<group>"; };
		6B9B40702571876B00E56B36 /* LockScreen.swift */ = {isa = PBXFileReference; fileEncoding = 4; lastKnownFileType = sourcecode.swift; path = LockScreen.swift; sourceTree = "<group>"; };
		6B9B40712571876B00E56B36 /* SlideToLockStateApp.swift */ = {isa = PBXFileReference; fileEncoding = 4; lastKnownFileType = sourcecode.swift; path = SlideToLockStateApp.swift; sourceTree = "<group>"; };
		6B9B40722571876B00E56B36 /* ContentView.swift */ = {isa = PBXFileReference; fileEncoding = 4; lastKnownFileType = sourcecode.swift; path = ContentView.swift; sourceTree = "<group>"; };
		6B9B40732571876B00E56B36 /* Info.plist */ = {isa = PBXFileReference; fileEncoding = 4; lastKnownFileType = text.plist.xml; path = Info.plist; sourceTree = "<group>"; };
/* End PBXFileReference section */

/* Begin PBXFrameworksBuildPhase section */
		6B3C44182540B2B4000C5DAC /* Frameworks */ = {
			isa = PBXFrameworksBuildPhase;
			buildActionMask = 2147483647;
			files = (
			);
			runOnlyForDeploymentPostprocessing = 0;
		};
/* End PBXFrameworksBuildPhase section */

/* Begin PBXGroup section */
		6B3C44122540B2B4000C5DAC = {
			isa = PBXGroup;
			children = (
				6B9B406A2571876B00E56B36 /* SlideToLockState */,
				6B3C441C2540B2B4000C5DAC /* Products */,
			);
			sourceTree = "<group>";
		};
		6B3C441C2540B2B4000C5DAC /* Products */ = {
			isa = PBXGroup;
			children = (
				6B3C441B2540B2B4000C5DAC /* SlideToLockState.app */,
			);
			name = Products;
			sourceTree = "<group>";
		};
		6B9B406A2571876B00E56B36 /* SlideToLockState */ = {
			isa = PBXGroup;
			children = (
				6B9B40712571876B00E56B36 /* SlideToLockStateApp.swift */,
				6B9B40722571876B00E56B36 /* ContentView.swift */,
				6B9B40702571876B00E56B36 /* LockScreen.swift */,
				6B9B406D2571876B00E56B36 /* Shimmer.swift */,
				6B9B406B2571876B00E56B36 /* PowerView.swift */,
				6B9B406C2571876B00E56B36 /* Assets.xcassets */,
				6B9B40732571876B00E56B36 /* Info.plist */,
				6B9B406E2571876B00E56B36 /* Preview Content */,
			);
			path = SlideToLockState;
			sourceTree = "<group>";
		};
		6B9B406E2571876B00E56B36 /* Preview Content */ = {
			isa = PBXGroup;
			children = (
				6B9B406F2571876B00E56B36 /* Preview Assets.xcassets */,
			);
			path = "Preview Content";
			sourceTree = "<group>";
		};
/* End PBXGroup section */

/* Begin PBXNativeTarget section */
		6B3C441A2540B2B4000C5DAC /* SlideToLockState */ = {
			isa = PBXNativeTarget;
			buildConfigurationList = 6B3C442A2540B2B7000C5DAC /* Build configuration list for PBXNativeTarget "SlideToLockState" */;
			buildPhases = (
				6B3C44172540B2B4000C5DAC /* Sources */,
				6B3C44182540B2B4000C5DAC /* Frameworks */,
				6B3C44192540B2B4000C5DAC /* Resources */,
			);
			buildRules = (
			);
			dependencies = (
			);
			name = SlideToLockState;
			productName = SlideToUnlock;
			productReference = 6B3C441B2540B2B4000C5DAC /* SlideToLockState.app */;
			productType = "com.apple.product-type.application";
		};
/* End PBXNativeTarget section */

/* Begin PBXProject section */
		6B3C44132540B2B4000C5DAC /* Project object */ = {
			isa = PBXProject;
			attributes = {
				LastSwiftUpdateCheck = 1200;
				LastUpgradeCheck = 1200;
				TargetAttributes = {
					6B3C441A2540B2B4000C5DAC = {
						CreatedOnToolsVersion = 12.0.1;
					};
				};
			};
			buildConfigurationList = 6B3C44162540B2B4000C5DAC /* Build configuration list for PBXProject "SlideToLockState" */;
			compatibilityVersion = "Xcode 9.3";
			developmentRegion = en;
			hasScannedForEncodings = 0;
			knownRegions = (
				en,
				Base,
			);
			mainGroup = 6B3C44122540B2B4000C5DAC;
			productRefGroup = 6B3C441C2540B2B4000C5DAC /* Products */;
			projectDirPath = "";
			projectRoot = "";
			targets = (
				6B3C441A2540B2B4000C5DAC /* SlideToLockState */,
			);
		};
/* End PBXProject section */

/* Begin PBXResourcesBuildPhase section */
		6B3C44192540B2B4000C5DAC /* Resources */ = {
			isa = PBXResourcesBuildPhase;
			buildActionMask = 2147483647;
			files = (
				6B9B40772571876B00E56B36 /* Preview Assets.xcassets in Resources */,
				6B9B40752571876B00E56B36 /* Assets.xcassets in Resources */,
			);
			runOnlyForDeploymentPostprocessing = 0;
		};
/* End PBXResourcesBuildPhase section */

/* Begin PBXSourcesBuildPhase section */
		6B3C44172540B2B4000C5DAC /* Sources */ = {
			isa = PBXSourcesBuildPhase;
			buildActionMask = 2147483647;
			files = (
				6B9B40742571876B00E56B36 /* PowerView.swift in Sources */,
				6B9B40762571876B00E56B36 /* Shimmer.swift in Sources */,
				6B9B40782571876B00E56B36 /* LockScreen.swift in Sources */,
				6B9B407A2571876B00E56B36 /* ContentView.swift in Sources */,
				6B9B40792571876B00E56B36 /* SlideToLockStateApp.swift in Sources */,
			);
			runOnlyForDeploymentPostprocessing = 0;
		};
/* End PBXSourcesBuildPhase section */

/* Begin XCBuildConfiguration section */
		6B3C44282540B2B7000C5DAC /* Debug */ = {
			isa = XCBuildConfiguration;
			buildSettings = {
				ALWAYS_SEARCH_USER_PATHS = NO;
				CLANG_ANALYZER_NONNULL = YES;
				CLANG_ANALYZER_NUMBER_OBJECT_CONVERSION = YES_AGGRESSIVE;
				CLANG_CXX_LANGUAGE_STANDARD = "gnu++14";
				CLANG_CXX_LIBRARY = "libc++";
				CLANG_ENABLE_MODULES = YES;
				CLANG_ENABLE_OBJC_ARC = YES;
				CLANG_ENABLE_OBJC_WEAK = YES;
				CLANG_WARN_BLOCK_CAPTURE_AUTORELEASING = YES;
				CLANG_WARN_BOOL_CONVERSION = YES;
				CLANG_WARN_COMMA = YES;
				CLANG_WARN_CONSTANT_CONVERSION = YES;
				CLANG_WARN_DEPRECATED_OBJC_IMPLEMENTATIONS = YES;
				CLANG_WARN_DIRECT_OBJC_ISA_USAGE = YES_ERROR;
				CLANG_WARN_DOCUMENTATION_COMMENTS = YES;
				CLANG_WARN_EMPTY_BODY = YES;
				CLANG_WARN_ENUM_CONVERSION = YES;
				CLANG_WARN_INFINITE_RECURSION = YES;
				CLANG_WARN_INT_CONVERSION = YES;
				CLANG_WARN_NON_LITERAL_NULL_CONVERSION = YES;
				CLANG_WARN_OBJC_IMPLICIT_RETAIN_SELF = YES;
				CLANG_WARN_OBJC_LITERAL_CONVERSION = YES;
				CLANG_WARN_OBJC_ROOT_CLASS = YES_ERROR;
				CLANG_WARN_QUOTED_INCLUDE_IN_FRAMEWORK_HEADER = YES;
				CLANG_WARN_RANGE_LOOP_ANALYSIS = YES;
				CLANG_WARN_STRICT_PROTOTYPES = YES;
				CLANG_WARN_SUSPICIOUS_MOVE = YES;
				CLANG_WARN_UNGUARDED_AVAILABILITY = YES_AGGRESSIVE;
				CLANG_WARN_UNREACHABLE_CODE = YES;
				CLANG_WARN__DUPLICATE_METHOD_MATCH = YES;
				COPY_PHASE_STRIP = NO;
				DEBUG_INFORMATION_FORMAT = dwarf;
				ENABLE_STRICT_OBJC_MSGSEND = YES;
				ENABLE_TESTABILITY = YES;
				GCC_C_LANGUAGE_STANDARD = gnu11;
				GCC_DYNAMIC_NO_PIC = NO;
				GCC_NO_COMMON_BLOCKS = YES;
				GCC_OPTIMIZATION_LEVEL = 0;
				GCC_PREPROCESSOR_DEFINITIONS = (
					"DEBUG=1",
					"$(inherited)",
				);
				GCC_WARN_64_TO_32_BIT_CONVERSION = YES;
				GCC_WARN_ABOUT_RETURN_TYPE = YES_ERROR;
				GCC_WARN_UNDECLARED_SELECTOR = YES;
				GCC_WARN_UNINITIALIZED_AUTOS = YES_AGGRESSIVE;
				GCC_WARN_UNUSED_FUNCTION = YES;
				GCC_WARN_UNUSED_VARIABLE = YES;
				IPHONEOS_DEPLOYMENT_TARGET = 14.0;
				MTL_ENABLE_DEBUG_INFO = INCLUDE_SOURCE;
				MTL_FAST_MATH = YES;
				ONLY_ACTIVE_ARCH = YES;
				SDKROOT = iphoneos;
				SWIFT_ACTIVE_COMPILATION_CONDITIONS = DEBUG;
				SWIFT_OPTIMIZATION_LEVEL = "-Onone";
			};
			name = Debug;
		};
		6B3C44292540B2B7000C5DAC /* Release */ = {
			isa = XCBuildConfiguration;
			buildSettings = {
				ALWAYS_SEARCH_USER_PATHS = NO;
				CLANG_ANALYZER_NONNULL = YES;
				CLANG_ANALYZER_NUMBER_OBJECT_CONVERSION = YES_AGGRESSIVE;
				CLANG_CXX_LANGUAGE_STANDARD = "gnu++14";
				CLANG_CXX_LIBRARY = "libc++";
				CLANG_ENABLE_MODULES = YES;
				CLANG_ENABLE_OBJC_ARC = YES;
				CLANG_ENABLE_OBJC_WEAK = YES;
				CLANG_WARN_BLOCK_CAPTURE_AUTORELEASING = YES;
				CLANG_WARN_BOOL_CONVERSION = YES;
				CLANG_WARN_COMMA = YES;
				CLANG_WARN_CONSTANT_CONVERSION = YES;
				CLANG_WARN_DEPRECATED_OBJC_IMPLEMENTATIONS = YES;
				CLANG_WARN_DIRECT_OBJC_ISA_USAGE = YES_ERROR;
				CLANG_WARN_DOCUMENTATION_COMMENTS = YES;
				CLANG_WARN_EMPTY_BODY = YES;
				CLANG_WARN_ENUM_CONVERSION = YES;
				CLANG_WARN_INFINITE_RECURSION = YES;
				CLANG_WARN_INT_CONVERSION = YES;
				CLANG_WARN_NON_LITERAL_NULL_CONVERSION = YES;
				CLANG_WARN_OBJC_IMPLICIT_RETAIN_SELF = YES;
				CLANG_WARN_OBJC_LITERAL_CONVERSION = YES;
				CLANG_WARN_OBJC_ROOT_CLASS = YES_ERROR;
				CLANG_WARN_QUOTED_INCLUDE_IN_FRAMEWORK_HEADER = YES;
				CLANG_WARN_RANGE_LOOP_ANALYSIS = YES;
				CLANG_WARN_STRICT_PROTOTYPES = YES;
				CLANG_WARN_SUSPICIOUS_MOVE = YES;
				CLANG_WARN_UNGUARDED_AVAILABILITY = YES_AGGRESSIVE;
				CLANG_WARN_UNREACHABLE_CODE = YES;
				CLANG_WARN__DUPLICATE_METHOD_MATCH = YES;
				COPY_PHASE_STRIP = NO;
				DEBUG_INFORMATION_FORMAT = "dwarf-with-dsym";
				ENABLE_NS_ASSERTIONS = NO;
				ENABLE_STRICT_OBJC_MSGSEND = YES;
				GCC_C_LANGUAGE_STANDARD = gnu11;
				GCC_NO_COMMON_BLOCKS = YES;
				GCC_WARN_64_TO_32_BIT_CONVERSION = YES;
				GCC_WARN_ABOUT_RETURN_TYPE = YES_ERROR;
				GCC_WARN_UNDECLARED_SELECTOR = YES;
				GCC_WARN_UNINITIALIZED_AUTOS = YES_AGGRESSIVE;
				GCC_WARN_UNUSED_FUNCTION = YES;
				GCC_WARN_UNUSED_VARIABLE = YES;
				IPHONEOS_DEPLOYMENT_TARGET = 14.0;
				MTL_ENABLE_DEBUG_INFO = NO;
				MTL_FAST_MATH = YES;
				SDKROOT = iphoneos;
				SWIFT_COMPILATION_MODE = wholemodule;
				SWIFT_OPTIMIZATION_LEVEL = "-O";
				VALIDATE_PRODUCT = YES;
			};
			name = Release;
		};
		6B3C442B2540B2B7000C5DAC /* Debug */ = {
			isa = XCBuildConfiguration;
			buildSettings = {
				ASSETCATALOG_COMPILER_APPICON_NAME = AppIcon;
				ASSETCATALOG_COMPILER_GLOBAL_ACCENT_COLOR_NAME = AccentColor;
				CODE_SIGN_STYLE = Automatic;
				DEVELOPMENT_ASSET_PATHS = "\"SlideToLockState/Preview Content\"";
				ENABLE_PREVIEWS = YES;
				INFOPLIST_FILE = SlideToLockState/Info.plist;
				IPHONEOS_DEPLOYMENT_TARGET = 14.0;
				LD_RUNPATH_SEARCH_PATHS = (
					"$(inherited)",
					"@executable_path/Frameworks",
				);
				PRODUCT_BUNDLE_IDENTIFIER = io.github.DevLiuSir.SlideToLockState;
				PRODUCT_NAME = "$(TARGET_NAME)";
				SWIFT_VERSION = 5.0;
				TARGETED_DEVICE_FAMILY = "1,2";
			};
			name = Debug;
		};
		6B3C442C2540B2B7000C5DAC /* Release */ = {
			isa = XCBuildConfiguration;
			buildSettings = {
				ASSETCATALOG_COMPILER_APPICON_NAME = AppIcon;
				ASSETCATALOG_COMPILER_GLOBAL_ACCENT_COLOR_NAME = AccentColor;
				CODE_SIGN_STYLE = Automatic;
				DEVELOPMENT_ASSET_PATHS = "\"SlideToLockState/Preview Content\"";
				ENABLE_PREVIEWS = YES;
				INFOPLIST_FILE = SlideToLockState/Info.plist;
				IPHONEOS_DEPLOYMENT_TARGET = 14.0;
				LD_RUNPATH_SEARCH_PATHS = (
					"$(inherited)",
					"@executable_path/Frameworks",
				);
				PRODUCT_BUNDLE_IDENTIFIER = io.github.DevLiuSir.SlideToLockState;
				PRODUCT_NAME = "$(TARGET_NAME)";
				SWIFT_VERSION = 5.0;
				TARGETED_DEVICE_FAMILY = "1,2";
			};
			name = Release;
		};
/* End XCBuildConfiguration section */

/* Begin XCConfigurationList section */
		6B3C44162540B2B4000C5DAC /* Build configuration list for PBXProject "SlideToLockState" */ = {
			isa = XCConfigurationList;
			buildConfigurations = (
				6B3C44282540B2B7000C5DAC /* Debug */,
				6B3C44292540B2B7000C5DAC /* Release */,
			);
			defaultConfigurationIsVisible = 0;
			defaultConfigurationName = Release;
		};
		6B3C442A2540B2B7000C5DAC /* Build configuration list for PBXNativeTarget "SlideToLockState" */ = {
			isa = XCConfigurationList;
			buildConfigurations = (
				6B3C442B2540B2B7000C5DAC /* Debug */,
				6B3C442C2540B2B7000C5DAC /* Release */,
			);
			defaultConfigurationIsVisible = 0;
			defaultConfigurationName = Release;
		};
/* End XCConfigurationList section */
	};
	rootObject = 6B3C44132540B2B4000C5DAC /* Project object */;
}
