// !$*UTF8*$!
{
	archiveVersion = 1;
	classes = {
	};
	objectVersion = 50;
	objects = {

/* Begin PBXBuildFile section */
		6B6C1F4D246B3DD00061BE69 /* AppDelegate.swift in Sources */ = {isa = PBXBuildFile; fileRef = 6B6C1F4C246B3DD00061BE69 /* AppDelegate.swift */; };
		6B6C1F4F246B3DD00061BE69 /* SceneDelegate.swift in Sources */ = {isa = PBXBuildFile; fileRef = 6B6C1F4E246B3DD00061BE69 /* SceneDelegate.swift */; };
		6B6C1F51246B3DD00061BE69 /* ContentView.swift in Sources */ = {isa = PBXBuildFile; fileRef = 6B6C1F50246B3DD00061BE69 /* ContentView.swift */; };
		6B6C1F53246B3DD10061BE69 /* Assets.xcassets in Resources */ = {isa = PBXBuildFile; fileRef = 6B6C1F52246B3DD10061BE69 /* Assets.xcassets */; };
		6B6C1F56246B3DD10061BE69 /* Preview Assets.xcassets in Resources */ = {isa = PBXBuildFile; fileRef = 6B6C1F55246B3DD10061BE69 /* Preview Assets.xcassets */; };
		6B6C1F59246B3DD10061BE69 /* LaunchScreen.storyboard in Resources */ = {isa = PBXBuildFile; fileRef = 6B6C1F57246B3DD10061BE69 /* LaunchScreen.storyboard */; };
		6B6C1F61246B3EB50061BE69 /* TouchSlider.swift in Sources */ = {isa = PBXBuildFile; fileRef = 6B6C1F60246B3EB50061BE69 /* TouchSlider.swift */; };
/* End PBXBuildFile section */

/* Begin PBXFileReference section */
		6B6C1F49246B3DD00061BE69 /* TactileSlider.app */ = {isa = PBXFileReference; explicitFileType = wrapper.application; includeInIndex = 0; path = TactileSlider.app; sourceTree = BUILT_PRODUCTS_DIR; };
		6B6C1F4C246B3DD00061BE69 /* AppDelegate.swift */ = {isa = PBXFileReference; lastKnownFileType = sourcecode.swift; path = AppDelegate.swift; sourceTree = "<group>"; };
		6B6C1F4E246B3DD00061BE69 /* SceneDelegate.swift */ = {isa = PBXFileReference; lastKnownFileType = sourcecode.swift; path = SceneDelegate.swift; sourceTree = "<group>"; };
		6B6C1F50246B3DD00061BE69 /* ContentView.swift */ = {isa = PBXFileReference; lastKnownFileType = sourcecode.swift; path = ContentView.swift; sourceTree = "<group>"; };
		6B6C1F52246B3DD10061BE69 /* Assets.xcassets */ = {isa = PBXFileReference; lastKnownFileType = folder.assetcatalog; path = Assets.xcassets; sourceTree = "<group>"; };
		6B6C1F55246B3DD10061BE69 /* Preview Assets.xcassets */ = {isa = PBXFileReference; lastKnownFileType = folder.assetcatalog; path = "Preview Assets.xcassets"; sourceTree = "<group>"; };
		6B6C1F58246B3DD10061BE69 /* Base */ = {isa = PBXFileReference; lastKnownFileType = file.storyboard; name = Base; path = Base.lproj/LaunchScreen.storyboard; sourceTree = "<group>"; };
		6B6C1F5A246B3DD10061BE69 /* Info.plist */ = {isa = PBXFileReference; lastKnownFileType = text.plist.xml; path = Info.plist; sourceTree = "<group>"; };
		6B6C1F60246B3EB50061BE69 /* TouchSlider.swift */ = {isa = PBXFileReference; lastKnownFileType = sourcecode.swift; path = TouchSlider.swift; sourceTree = "<group>"; };
/* End PBXFileReference section */

/* Begin PBXFrameworksBuildPhase section */
		6B6C1F46246B3DD00061BE69 /* Frameworks */ = {
			isa = PBXFrameworksBuildPhase;
			buildActionMask = 2147483647;
			files = (
			);
			runOnlyForDeploymentPostprocessing = 0;
		};
/* End PBXFrameworksBuildPhase section */

/* Begin PBXGroup section */
		6B6C1F40246B3DD00061BE69 = {
			isa = PBXGroup;
			children = (
				6B6C1F4B246B3DD00061BE69 /* TactileSlider */,
				6B6C1F4A246B3DD00061BE69 /* Products */,
			);
			sourceTree = "<group>";
		};
		6B6C1F4A246B3DD00061BE69 /* Products */ = {
			isa = PBXGroup;
			children = (
				6B6C1F49246B3DD00061BE69 /* TactileSlider.app */,
			);
			name = Products;
			sourceTree = "<group>";
		};
		6B6C1F4B246B3DD00061BE69 /* TactileSlider */ = {
			isa = PBXGroup;
			children = (
				6B6C1F4C246B3DD00061BE69 /* AppDelegate.swift */,
				6B6C1F4E246B3DD00061BE69 /* SceneDelegate.swift */,
				6B6C1F50246B3DD00061BE69 /* ContentView.swift */,
				6B6C1F60246B3EB50061BE69 /* TouchSlider.swift */,
				6B6C1F52246B3DD10061BE69 /* Assets.xcassets */,
				6B6C1F57246B3DD10061BE69 /* LaunchScreen.storyboard */,
				6B6C1F5A246B3DD10061BE69 /* Info.plist */,
				6B6C1F54246B3DD10061BE69 /* Preview Content */,
			);
			path = TactileSlider;
			sourceTree = "<group>";
		};
		6B6C1F54246B3DD10061BE69 /* Preview Content */ = {
			isa = PBXGroup;
			children = (
				6B6C1F55246B3DD10061BE69 /* Preview Assets.xcassets */,
			);
			path = "Preview Content";
			sourceTree = "<group>";
		};
/* End PBXGroup section */

/* Begin PBXNativeTarget section */
		6B6C1F48246B3DD00061BE69 /* TactileSlider */ = {
			isa = PBXNativeTarget;
			buildConfigurationList = 6B6C1F5D246B3DD10061BE69 /* Build configuration list for PBXNativeTarget "TactileSlider" */;
			buildPhases = (
				6B6C1F45246B3DD00061BE69 /* Sources */,
				6B6C1F46246B3DD00061BE69 /* Frameworks */,
				6B6C1F47246B3DD00061BE69 /* Resources */,
			);
			buildRules = (
			);
			dependencies = (
			);
			name = TactileSlider;
			productName = TactileSlider;
			productReference = 6B6C1F49246B3DD00061BE69 /* TactileSlider.app */;
			productType = "com.apple.product-type.application";
		};
/* End PBXNativeTarget section */

/* Begin PBXProject section */
		6B6C1F41246B3DD00061BE69 /* Project object */ = {
			isa = PBXProject;
			attributes = {
				LastSwiftUpdateCheck = 1130;
				LastUpgradeCheck = 1200;
				ORGANIZATIONNAME = "Liu Chuan";
				TargetAttributes = {
					6B6C1F48246B3DD00061BE69 = {
						CreatedOnToolsVersion = 11.3;
					};
				};
			};
			buildConfigurationList = 6B6C1F44246B3DD00061BE69 /* Build configuration list for PBXProject "TactileSlider" */;
			compatibilityVersion = "Xcode 9.3";
			developmentRegion = en;
			hasScannedForEncodings = 0;
			knownRegions = (
				en,
				Base,
			);
			mainGroup = 6B6C1F40246B3DD00061BE69;
			productRefGroup = 6B6C1F4A246B3DD00061BE69 /* Products */;
			projectDirPath = "";
			projectRoot = "";
			targets = (
				6B6C1F48246B3DD00061BE69 /* TactileSlider */,
			);
		};
/* End PBXProject section */

/* Begin PBXResourcesBuildPhase section */
		6B6C1F47246B3DD00061BE69 /* Resources */ = {
			isa = PBXResourcesBuildPhase;
			buildActionMask = 2147483647;
			files = (
				6B6C1F59246B3DD10061BE69 /* LaunchScreen.storyboard in Resources */,
				6B6C1F56246B3DD10061BE69 /* Preview Assets.xcassets in Resources */,
				6B6C1F53246B3DD10061BE69 /* Assets.xcassets in Resources */,
			);
			runOnlyForDeploymentPostprocessing = 0;
		};
/* End PBXResourcesBuildPhase section */

/* Begin PBXSourcesBuildPhase section */
		6B6C1F45246B3DD00061BE69 /* Sources */ = {
			isa = PBXSourcesBuildPhase;
			buildActionMask = 2147483647;
			files = (
				6B6C1F4D246B3DD00061BE69 /* AppDelegate.swift in Sources */,
				6B6C1F61246B3EB50061BE69 /* TouchSlider.swift in Sources */,
				6B6C1F4F246B3DD00061BE69 /* SceneDelegate.swift in Sources */,
				6B6C1F51246B3DD00061BE69 /* ContentView.swift in Sources */,
			);
			runOnlyForDeploymentPostprocessing = 0;
		};
/* End PBXSourcesBuildPhase section */

/* Begin PBXVariantGroup section */
		6B6C1F57246B3DD10061BE69 /* LaunchScreen.storyboard */ = {
			isa = PBXVariantGroup;
			children = (
				6B6C1F58246B3DD10061BE69 /* Base */,
			);
			name = LaunchScreen.storyboard;
			sourceTree = "<group>";
		};
/* End PBXVariantGroup section */

/* Begin XCBuildConfiguration section */
		6B6C1F5B246B3DD10061BE69 /* Debug */ = {
			isa = XCBuildConfiguration;
			buildSettings = {
				ALWAYS_SEARCH_USER_PATHS = NO;
				CLANG_ANALYZER_NONNULL = YES;
				CLANG_ANALYZER_NUMBER_OBJECT_CONVERSION = YES_AGGRESSIVE;
				CLANG_CXX_LANGUAGE_STANDARD = "gnu++14";
				CLANG_CXX_LIBRARY = "libc++";
				CLANG_ENABLE_MODULES = YES;
				CLANG_ENABLE_OBJC_ARC = YES;
				CLANG_ENABLE_OBJC_WEAK = YES;
				CLANG_WARN_BLOCK_CAPTURE_AUTORELEASING = YES;
				CLANG_WARN_BOOL_CONVERSION = YES;
				CLANG_WARN_COMMA = YES;
				CLANG_WARN_CONSTANT_CONVERSION = YES;
				CLANG_WARN_DEPRECATED_OBJC_IMPLEMENTATIONS = YES;
				CLANG_WARN_DIRECT_OBJC_ISA_USAGE = YES_ERROR;
				CLANG_WARN_DOCUMENTATION_COMMENTS = YES;
				CLANG_WARN_EMPTY_BODY = YES;
				CLANG_WARN_ENUM_CONVERSION = YES;
				CLANG_WARN_INFINITE_RECURSION = YES;
				CLANG_WARN_INT_CONVERSION = YES;
				CLANG_WARN_NON_LITERAL_NULL_CONVERSION = YES;
				CLANG_WARN_OBJC_IMPLICIT_RETAIN_SELF = YES;
				CLANG_WARN_OBJC_LITERAL_CONVERSION = YES;
				CLANG_WARN_OBJC_ROOT_CLASS = YES_ERROR;
				CLANG_WARN_QUOTED_INCLUDE_IN_FRAMEWORK_HEADER = YES;
				CLANG_WARN_RANGE_LOOP_ANALYSIS = YES;
				CLANG_WARN_STRICT_PROTOTYPES = YES;
				CLANG_WARN_SUSPICIOUS_MOVE = YES;
				CLANG_WARN_UNGUARDED_AVAILABILITY = YES_AGGRESSIVE;
				CLANG_WARN_UNREACHABLE_CODE = YES;
				CLANG_WARN__DUPLICATE_METHOD_MATCH = YES;
				COPY_PHASE_STRIP = NO;
				DEBUG_INFORMATION_FORMAT = dwarf;
				ENABLE_STRICT_OBJC_MSGSEND = YES;
				ENABLE_TESTABILITY = YES;
				GCC_C_LANGUAGE_STANDARD = gnu11;
				GCC_DYNAMIC_NO_PIC = NO;
				GCC_NO_COMMON_BLOCKS = YES;
				GCC_OPTIMIZATION_LEVEL = 0;
				GCC_PREPROCESSOR_DEFINITIONS = (
					"DEBUG=1",
					"$(inherited)",
				);
				GCC_WARN_64_TO_32_BIT_CONVERSION = YES;
				GCC_WARN_ABOUT_RETURN_TYPE = YES_ERROR;
				GCC_WARN_UNDECLARED_SELECTOR = YES;
				GCC_WARN_UNINITIALIZED_AUTOS = YES_AGGRESSIVE;
				GCC_WARN_UNUSED_FUNCTION = YES;
				GCC_WARN_UNUSED_VARIABLE = YES;
				IPHONEOS_DEPLOYMENT_TARGET = 14.0;
				MTL_ENABLE_DEBUG_INFO = INCLUDE_SOURCE;
				MTL_FAST_MATH = YES;
				ONLY_ACTIVE_ARCH = YES;
				SDKROOT = iphoneos;
				SWIFT_ACTIVE_COMPILATION_CONDITIONS = DEBUG;
				SWIFT_OPTIMIZATION_LEVEL = "-Onone";
			};
			name = Debug;
		};
		6B6C1F5C246B3DD10061BE69 /* Release */ = {
			isa = XCBuildConfiguration;
			buildSettings = {
				ALWAYS_SEARCH_USER_PATHS = NO;
				CLANG_ANALYZER_NONNULL = YES;
				CLANG_ANALYZER_NUMBER_OBJECT_CONVERSION = YES_AGGRESSIVE;
				CLANG_CXX_LANGUAGE_STANDARD = "gnu++14";
				CLANG_CXX_LIBRARY = "libc++";
				CLANG_ENABLE_MODULES = YES;
				CLANG_ENABLE_OBJC_ARC = YES;
				CLANG_ENABLE_OBJC_WEAK = YES;
				CLANG_WARN_BLOCK_CAPTURE_AUTORELEASING = YES;
				CLANG_WARN_BOOL_CONVERSION = YES;
				CLANG_WARN_COMMA = YES;
				CLANG_WARN_CONSTANT_CONVERSION = YES;
				CLANG_WARN_DEPRECATED_OBJC_IMPLEMENTATIONS = YES;
				CLANG_WARN_DIRECT_OBJC_ISA_USAGE = YES_ERROR;
				CLANG_WARN_DOCUMENTATION_COMMENTS = YES;
				CLANG_WARN_EMPTY_BODY = YES;
				CLANG_WARN_ENUM_CONVERSION = YES;
				CLANG_WARN_INFINITE_RECURSION = YES;
				CLANG_WARN_INT_CONVERSION = YES;
				CLANG_WARN_NON_LITERAL_NULL_CONVERSION = YES;
				CLANG_WARN_OBJC_IMPLICIT_RETAIN_SELF = YES;
				CLANG_WARN_OBJC_LITERAL_CONVERSION = YES;
				CLANG_WARN_OBJC_ROOT_CLASS = YES_ERROR;
				CLANG_WARN_QUOTED_INCLUDE_IN_FRAMEWORK_HEADER = YES;
				CLANG_WARN_RANGE_LOOP_ANALYSIS = YES;
				CLANG_WARN_STRICT_PROTOTYPES = YES;
				CLANG_WARN_SUSPICIOUS_MOVE = YES;
				CLANG_WARN_UNGUARDED_AVAILABILITY = YES_AGGRESSIVE;
				CLANG_WARN_UNREACHABLE_CODE = YES;
				CLANG_WARN__DUPLICATE_METHOD_MATCH = YES;
				COPY_PHASE_STRIP = NO;
				DEBUG_INFORMATION_FORMAT = "dwarf-with-dsym";
				ENABLE_NS_ASSERTIONS = NO;
				ENABLE_STRICT_OBJC_MSGSEND = YES;
				GCC_C_LANGUAGE_STANDARD = gnu11;
				GCC_NO_COMMON_BLOCKS = YES;
				GCC_WARN_64_TO_32_BIT_CONVERSION = YES;
				GCC_WARN_ABOUT_RETURN_TYPE = YES_ERROR;
				GCC_WARN_UNDECLARED_SELECTOR = YES;
				GCC_WARN_UNINITIALIZED_AUTOS = YES_AGGRESSIVE;
				GCC_WARN_UNUSED_FUNCTION = YES;
				GCC_WARN_UNUSED_VARIABLE = YES;
				IPHONEOS_DEPLOYMENT_TARGET = 14.0;
				MTL_ENABLE_DEBUG_INFO = NO;
				MTL_FAST_MATH = YES;
				SDKROOT = iphoneos;
				SWIFT_COMPILATION_MODE = wholemodule;
				SWIFT_OPTIMIZATION_LEVEL = "-O";
				VALIDATE_PRODUCT = YES;
			};
			name = Release;
		};
		6B6C1F5E246B3DD10061BE69 /* Debug */ = {
			isa = XCBuildConfiguration;
			buildSettings = {
				ASSETCATALOG_COMPILER_APPICON_NAME = AppIcon;
				CODE_SIGN_STYLE = Automatic;
				DEVELOPMENT_ASSET_PATHS = "\"TactileSlider/Preview Content\"";
				ENABLE_PREVIEWS = YES;
				INFOPLIST_FILE = TactileSlider/Info.plist;
				LD_RUNPATH_SEARCH_PATHS = (
					"$(inherited)",
					"@executable_path/Frameworks",
				);
				PRODUCT_BUNDLE_IDENTIFIER = io.github.Chinahackers.TactileSlider;
				PRODUCT_NAME = "$(TARGET_NAME)";
				SWIFT_VERSION = 5.0;
				TARGETED_DEVICE_FAMILY = "1,2";
			};
			name = Debug;
		};
		6B6C1F5F246B3DD10061BE69 /* Release */ = {
			isa = XCBuildConfiguration;
			buildSettings = {
				ASSETCATALOG_COMPILER_APPICON_NAME = AppIcon;
				CODE_SIGN_STYLE = Automatic;
				DEVELOPMENT_ASSET_PATHS = "\"TactileSlider/Preview Content\"";
				ENABLE_PREVIEWS = YES;
				INFOPLIST_FILE = TactileSlider/Info.plist;
				LD_RUNPATH_SEARCH_PATHS = (
					"$(inherited)",
					"@executable_path/Frameworks",
				);
				PRODUCT_BUNDLE_IDENTIFIER = io.github.Chinahackers.TactileSlider;
				PRODUCT_NAME = "$(TARGET_NAME)";
				SWIFT_VERSION = 5.0;
				TARGETED_DEVICE_FAMILY = "1,2";
			};
			name = Release;
		};
/* End XCBuildConfiguration section */

/* Begin XCConfigurationList section */
		6B6C1F44246B3DD00061BE69 /* Build configuration list for PBXProject "TactileSlider" */ = {
			isa = XCConfigurationList;
			buildConfigurations = (
				6B6C1F5B246B3DD10061BE69 /* Debug */,
				6B6C1F5C246B3DD10061BE69 /* Release */,
			);
			defaultConfigurationIsVisible = 0;
			defaultConfigurationName = Release;
		};
		6B6C1F5D246B3DD10061BE69 /* Build configuration list for PBXNativeTarget "TactileSlider" */ = {
			isa = XCConfigurationList;
			buildConfigurations = (
				6B6C1F5E246B3DD10061BE69 /* Debug */,
				6B6C1F5F246B3DD10061BE69 /* Release */,
			);
			defaultConfigurationIsVisible = 0;
			defaultConfigurationName = Release;
		};
/* End XCConfigurationList section */
	};
	rootObject = 6B6C1F41246B3DD00061BE69 /* Project object */;
}
