// !$*UTF8*$!
{
	archiveVersion = 1;
	classes = {
	};
	objectVersion = 50;
	objects = {

/* Begin PBXBuildFile section */
		6BA41BA6255C3A0300918859 /* CircleProgressBarApp.swift in Sources */ = {isa = PBXBuildFile; fileRef = 6BA41BA5255C3A0300918859 /* CircleProgressBarApp.swift */; };
		6BA41BA8255C3A0300918859 /* ContentView.swift in Sources */ = {isa = PBXBuildFile; fileRef = 6BA41BA7255C3A0300918859 /* ContentView.swift */; };
		6BA41BAA255C3A0500918859 /* Assets.xcassets in Resources */ = {isa = PBXBuildFile; fileRef = 6BA41BA9255C3A0500918859 /* Assets.xcassets */; };
		6BA41BAD255C3A0500918859 /* Preview Assets.xcassets in Resources */ = {isa = PBXBuildFile; fileRef = 6BA41BAC255C3A0500918859 /* Preview Assets.xcassets */; };
		6BA41BB7255C621300918859 /* PulsationView.swift in Sources */ = {isa = PBXBuildFile; fileRef = 6BA41BB6255C621300918859 /* PulsationView.swift */; };
		6BA41BBA255C625A00918859 /* TrackView.swift in Sources */ = {isa = PBXBuildFile; fileRef = 6BA41BB9255C625A00918859 /* TrackView.swift */; };
		6BA41BBD255C62EF00918859 /* OutLineView.swift in Sources */ = {isa = PBXBuildFile; fileRef = 6BA41BBC255C62EF00918859 /* OutLineView.swift */; };
		6BA41BC0255C638F00918859 /* PercentageLabel.swift in Sources */ = {isa = PBXBuildFile; fileRef = 6BA41BBF255C638F00918859 /* PercentageLabel.swift */; };
		6BA41BC3255C63D800918859 /* Color+Extension.swift in Sources */ = {isa = PBXBuildFile; fileRef = 6BA41BC2255C63D800918859 /* Color+Extension.swift */; };
/* End PBXBuildFile section */

/* Begin PBXFileReference section */
		6BA41BA2255C3A0300918859 /* CircleProgressBar.app */ = {isa = PBXFileReference; explicitFileType = wrapper.application; includeInIndex = 0; path = CircleProgressBar.app; sourceTree = BUILT_PRODUCTS_DIR; };
		6BA41BA5255C3A0300918859 /* CircleProgressBarApp.swift */ = {isa = PBXFileReference; lastKnownFileType = sourcecode.swift; path = CircleProgressBarApp.swift; sourceTree = "<group>"; };
		6BA41BA7255C3A0300918859 /* ContentView.swift */ = {isa = PBXFileReference; lastKnownFileType = sourcecode.swift; path = ContentView.swift; sourceTree = "<group>"; };
		6BA41BA9255C3A0500918859 /* Assets.xcassets */ = {isa = PBXFileReference; lastKnownFileType = folder.assetcatalog; path = Assets.xcassets; sourceTree = "<group>"; };
		6BA41BAC255C3A0500918859 /* Preview Assets.xcassets */ = {isa = PBXFileReference; lastKnownFileType = folder.assetcatalog; path = "Preview Assets.xcassets"; sourceTree = "<group>"; };
		6BA41BAE255C3A0500918859 /* Info.plist */ = {isa = PBXFileReference; lastKnownFileType = text.plist.xml; path = Info.plist; sourceTree = "<group>"; };
		6BA41BB6255C621300918859 /* PulsationView.swift */ = {isa = PBXFileReference; lastKnownFileType = sourcecode.swift; path = PulsationView.swift; sourceTree = "<group>"; };
		6BA41BB9255C625A00918859 /* TrackView.swift */ = {isa = PBXFileReference; lastKnownFileType = sourcecode.swift; path = TrackView.swift; sourceTree = "<group>"; };
		6BA41BBC255C62EF00918859 /* OutLineView.swift */ = {isa = PBXFileReference; lastKnownFileType = sourcecode.swift; path = OutLineView.swift; sourceTree = "<group>"; };
		6BA41BBF255C638F00918859 /* PercentageLabel.swift */ = {isa = PBXFileReference; lastKnownFileType = sourcecode.swift; path = PercentageLabel.swift; sourceTree = "<group>"; };
		6BA41BC2255C63D800918859 /* Color+Extension.swift */ = {isa = PBXFileReference; lastKnownFileType = sourcecode.swift; path = "Color+Extension.swift"; sourceTree = "<group>"; };
/* End PBXFileReference section */

/* Begin PBXFrameworksBuildPhase section */
		6BA41B9F255C3A0300918859 /* Frameworks */ = {
			isa = PBXFrameworksBuildPhase;
			buildActionMask = 2147483647;
			files = (
			);
			runOnlyForDeploymentPostprocessing = 0;
		};
/* End PBXFrameworksBuildPhase section */

/* Begin PBXGroup section */
		6BA41B99255C3A0300918859 = {
			isa = PBXGroup;
			children = (
				6BA41BA4255C3A0300918859 /* CircleProgressBar */,
				6BA41BA3255C3A0300918859 /* Products */,
			);
			sourceTree = "<group>";
		};
		6BA41BA3255C3A0300918859 /* Products */ = {
			isa = PBXGroup;
			children = (
				6BA41BA2255C3A0300918859 /* CircleProgressBar.app */,
			);
			name = Products;
			sourceTree = "<group>";
		};
		6BA41BA4255C3A0300918859 /* CircleProgressBar */ = {
			isa = PBXGroup;
			children = (
				6BA41BA5255C3A0300918859 /* CircleProgressBarApp.swift */,
				6BA41BA7255C3A0300918859 /* ContentView.swift */,
				6BA41BBF255C638F00918859 /* PercentageLabel.swift */,
				6BA41BBC255C62EF00918859 /* OutLineView.swift */,
				6BA41BB9255C625A00918859 /* TrackView.swift */,
				6BA41BB6255C621300918859 /* PulsationView.swift */,
				6BA41BC2255C63D800918859 /* Color+Extension.swift */,
				6BA41BA9255C3A0500918859 /* Assets.xcassets */,
				6BA41BAE255C3A0500918859 /* Info.plist */,
				6BA41BAB255C3A0500918859 /* Preview Content */,
			);
			path = CircleProgressBar;
			sourceTree = "<group>";
		};
		6BA41BAB255C3A0500918859 /* Preview Content */ = {
			isa = PBXGroup;
			children = (
				6BA41BAC255C3A0500918859 /* Preview Assets.xcassets */,
			);
			path = "Preview Content";
			sourceTree = "<group>";
		};
/* End PBXGroup section */

/* Begin PBXNativeTarget section */
		6BA41BA1255C3A0300918859 /* CircleProgressBar */ = {
			isa = PBXNativeTarget;
			buildConfigurationList = 6BA41BB1255C3A0500918859 /* Build configuration list for PBXNativeTarget "CircleProgressBar" */;
			buildPhases = (
				6BA41B9E255C3A0300918859 /* Sources */,
				6BA41B9F255C3A0300918859 /* Frameworks */,
				6BA41BA0255C3A0300918859 /* Resources */,
			);
			buildRules = (
			);
			dependencies = (
			);
			name = CircleProgressBar;
			productName = CircleProgressBar;
			productReference = 6BA41BA2255C3A0300918859 /* CircleProgressBar.app */;
			productType = "com.apple.product-type.application";
		};
/* End PBXNativeTarget section */

/* Begin PBXProject section */
		6BA41B9A255C3A0300918859 /* Project object */ = {
			isa = PBXProject;
			attributes = {
				LastSwiftUpdateCheck = 1210;
				LastUpgradeCheck = 1210;
				TargetAttributes = {
					6BA41BA1255C3A0300918859 = {
						CreatedOnToolsVersion = 12.1;
					};
				};
			};
			buildConfigurationList = 6BA41B9D255C3A0300918859 /* Build configuration list for PBXProject "CircleProgressBar" */;
			compatibilityVersion = "Xcode 9.3";
			developmentRegion = en;
			hasScannedForEncodings = 0;
			knownRegions = (
				en,
				Base,
			);
			mainGroup = 6BA41B99255C3A0300918859;
			productRefGroup = 6BA41BA3255C3A0300918859 /* Products */;
			projectDirPath = "";
			projectRoot = "";
			targets = (
				6BA41BA1255C3A0300918859 /* CircleProgressBar */,
			);
		};
/* End PBXProject section */

/* Begin PBXResourcesBuildPhase section */
		6BA41BA0255C3A0300918859 /* Resources */ = {
			isa = PBXResourcesBuildPhase;
			buildActionMask = 2147483647;
			files = (
				6BA41BAD255C3A0500918859 /* Preview Assets.xcassets in Resources */,
				6BA41BAA255C3A0500918859 /* Assets.xcassets in Resources */,
			);
			runOnlyForDeploymentPostprocessing = 0;
		};
/* End PBXResourcesBuildPhase section */

/* Begin PBXSourcesBuildPhase section */
		6BA41B9E255C3A0300918859 /* Sources */ = {
			isa = PBXSourcesBuildPhase;
			buildActionMask = 2147483647;
			files = (
				6BA41BB7255C621300918859 /* PulsationView.swift in Sources */,
				6BA41BC3255C63D800918859 /* Color+Extension.swift in Sources */,
				6BA41BA8255C3A0300918859 /* ContentView.swift in Sources */,
				6BA41BBA255C625A00918859 /* TrackView.swift in Sources */,
				6BA41BBD255C62EF00918859 /* OutLineView.swift in Sources */,
				6BA41BC0255C638F00918859 /* PercentageLabel.swift in Sources */,
				6BA41BA6255C3A0300918859 /* CircleProgressBarApp.swift in Sources */,
			);
			runOnlyForDeploymentPostprocessing = 0;
		};
/* End PBXSourcesBuildPhase section */

/* Begin XCBuildConfiguration section */
		6BA41BAF255C3A0500918859 /* Debug */ = {
			isa = XCBuildConfiguration;
			buildSettings = {
				ALWAYS_SEARCH_USER_PATHS = NO;
				CLANG_ANALYZER_NONNULL = YES;
				CLANG_ANALYZER_NUMBER_OBJECT_CONVERSION = YES_AGGRESSIVE;
				CLANG_CXX_LANGUAGE_STANDARD = "gnu++14";
				CLANG_CXX_LIBRARY = "libc++";
				CLANG_ENABLE_MODULES = YES;
				CLANG_ENABLE_OBJC_ARC = YES;
				CLANG_ENABLE_OBJC_WEAK = YES;
				CLANG_WARN_BLOCK_CAPTURE_AUTORELEASING = YES;
				CLANG_WARN_BOOL_CONVERSION = YES;
				CLANG_WARN_COMMA = YES;
				CLANG_WARN_CONSTANT_CONVERSION = YES;
				CLANG_WARN_DEPRECATED_OBJC_IMPLEMENTATIONS = YES;
				CLANG_WARN_DIRECT_OBJC_ISA_USAGE = YES_ERROR;
				CLANG_WARN_DOCUMENTATION_COMMENTS = YES;
				CLANG_WARN_EMPTY_BODY = YES;
				CLANG_WARN_ENUM_CONVERSION = YES;
				CLANG_WARN_INFINITE_RECURSION = YES;
				CLANG_WARN_INT_CONVERSION = YES;
				CLANG_WARN_NON_LITERAL_NULL_CONVERSION = YES;
				CLANG_WARN_OBJC_IMPLICIT_RETAIN_SELF = YES;
				CLANG_WARN_OBJC_LITERAL_CONVERSION = YES;
				CLANG_WARN_OBJC_ROOT_CLASS = YES_ERROR;
				CLANG_WARN_QUOTED_INCLUDE_IN_FRAMEWORK_HEADER = YES;
				CLANG_WARN_RANGE_LOOP_ANALYSIS = YES;
				CLANG_WARN_STRICT_PROTOTYPES = YES;
				CLANG_WARN_SUSPICIOUS_MOVE = YES;
				CLANG_WARN_UNGUARDED_AVAILABILITY = YES_AGGRESSIVE;
				CLANG_WARN_UNREACHABLE_CODE = YES;
				CLANG_WARN__DUPLICATE_METHOD_MATCH = YES;
				COPY_PHASE_STRIP = NO;
				DEBUG_INFORMATION_FORMAT = dwarf;
				ENABLE_STRICT_OBJC_MSGSEND = YES;
				ENABLE_TESTABILITY = YES;
				GCC_C_LANGUAGE_STANDARD = gnu11;
				GCC_DYNAMIC_NO_PIC = NO;
				GCC_NO_COMMON_BLOCKS = YES;
				GCC_OPTIMIZATION_LEVEL = 0;
				GCC_PREPROCESSOR_DEFINITIONS = (
					"DEBUG=1",
					"$(inherited)",
				);
				GCC_WARN_64_TO_32_BIT_CONVERSION = YES;
				GCC_WARN_ABOUT_RETURN_TYPE = YES_ERROR;
				GCC_WARN_UNDECLARED_SELECTOR = YES;
				GCC_WARN_UNINITIALIZED_AUTOS = YES_AGGRESSIVE;
				GCC_WARN_UNUSED_FUNCTION = YES;
				GCC_WARN_UNUSED_VARIABLE = YES;
				IPHONEOS_DEPLOYMENT_TARGET = 14.1;
				MTL_ENABLE_DEBUG_INFO = INCLUDE_SOURCE;
				MTL_FAST_MATH = YES;
				ONLY_ACTIVE_ARCH = YES;
				SDKROOT = iphoneos;
				SWIFT_ACTIVE_COMPILATION_CONDITIONS = DEBUG;
				SWIFT_OPTIMIZATION_LEVEL = "-Onone";
			};
			name = Debug;
		};
		6BA41BB0255C3A0500918859 /* Release */ = {
			isa = XCBuildConfiguration;
			buildSettings = {
				ALWAYS_SEARCH_USER_PATHS = NO;
				CLANG_ANALYZER_NONNULL = YES;
				CLANG_ANALYZER_NUMBER_OBJECT_CONVERSION = YES_AGGRESSIVE;
				CLANG_CXX_LANGUAGE_STANDARD = "gnu++14";
				CLANG_CXX_LIBRARY = "libc++";
				CLANG_ENABLE_MODULES = YES;
				CLANG_ENABLE_OBJC_ARC = YES;
				CLANG_ENABLE_OBJC_WEAK = YES;
				CLANG_WARN_BLOCK_CAPTURE_AUTORELEASING = YES;
				CLANG_WARN_BOOL_CONVERSION = YES;
				CLANG_WARN_COMMA = YES;
				CLANG_WARN_CONSTANT_CONVERSION = YES;
				CLANG_WARN_DEPRECATED_OBJC_IMPLEMENTATIONS = YES;
				CLANG_WARN_DIRECT_OBJC_ISA_USAGE = YES_ERROR;
				CLANG_WARN_DOCUMENTATION_COMMENTS = YES;
				CLANG_WARN_EMPTY_BODY = YES;
				CLANG_WARN_ENUM_CONVERSION = YES;
				CLANG_WARN_INFINITE_RECURSION = YES;
				CLANG_WARN_INT_CONVERSION = YES;
				CLANG_WARN_NON_LITERAL_NULL_CONVERSION = YES;
				CLANG_WARN_OBJC_IMPLICIT_RETAIN_SELF = YES;
				CLANG_WARN_OBJC_LITERAL_CONVERSION = YES;
				CLANG_WARN_OBJC_ROOT_CLASS = YES_ERROR;
				CLANG_WARN_QUOTED_INCLUDE_IN_FRAMEWORK_HEADER = YES;
				CLANG_WARN_RANGE_LOOP_ANALYSIS = YES;
				CLANG_WARN_STRICT_PROTOTYPES = YES;
				CLANG_WARN_SUSPICIOUS_MOVE = YES;
				CLANG_WARN_UNGUARDED_AVAILABILITY = YES_AGGRESSIVE;
				CLANG_WARN_UNREACHABLE_CODE = YES;
				CLANG_WARN__DUPLICATE_METHOD_MATCH = YES;
				COPY_PHASE_STRIP = NO;
				DEBUG_INFORMATION_FORMAT = "dwarf-with-dsym";
				ENABLE_NS_ASSERTIONS = NO;
				ENABLE_STRICT_OBJC_MSGSEND = YES;
				GCC_C_LANGUAGE_STANDARD = gnu11;
				GCC_NO_COMMON_BLOCKS = YES;
				GCC_WARN_64_TO_32_BIT_CONVERSION = YES;
				GCC_WARN_ABOUT_RETURN_TYPE = YES_ERROR;
				GCC_WARN_UNDECLARED_SELECTOR = YES;
				GCC_WARN_UNINITIALIZED_AUTOS = YES_AGGRESSIVE;
				GCC_WARN_UNUSED_FUNCTION = YES;
				GCC_WARN_UNUSED_VARIABLE = YES;
				IPHONEOS_DEPLOYMENT_TARGET = 14.1;
				MTL_ENABLE_DEBUG_INFO = NO;
				MTL_FAST_MATH = YES;
				SDKROOT = iphoneos;
				SWIFT_COMPILATION_MODE = wholemodule;
				SWIFT_OPTIMIZATION_LEVEL = "-O";
				VALIDATE_PRODUCT = YES;
			};
			name = Release;
		};
		6BA41BB2255C3A0500918859 /* Debug */ = {
			isa = XCBuildConfiguration;
			buildSettings = {
				ASSETCATALOG_COMPILER_APPICON_NAME = AppIcon;
				ASSETCATALOG_COMPILER_GLOBAL_ACCENT_COLOR_NAME = AccentColor;
				CODE_SIGN_STYLE = Automatic;
				DEVELOPMENT_ASSET_PATHS = "\"CircleProgressBar/Preview Content\"";
				ENABLE_PREVIEWS = YES;
				INFOPLIST_FILE = CircleProgressBar/Info.plist;
				IPHONEOS_DEPLOYMENT_TARGET = 14.0;
				LD_RUNPATH_SEARCH_PATHS = (
					"$(inherited)",
					"@executable_path/Frameworks",
				);
				PRODUCT_BUNDLE_IDENTIFIER = com.DevLiuSir.CircleProgressBar;
				PRODUCT_NAME = "$(TARGET_NAME)";
				SWIFT_VERSION = 5.0;
				TARGETED_DEVICE_FAMILY = "1,2";
			};
			name = Debug;
		};
		6BA41BB3255C3A0500918859 /* Release */ = {
			isa = XCBuildConfiguration;
			buildSettings = {
				ASSETCATALOG_COMPILER_APPICON_NAME = AppIcon;
				ASSETCATALOG_COMPILER_GLOBAL_ACCENT_COLOR_NAME = AccentColor;
				CODE_SIGN_STYLE = Automatic;
				DEVELOPMENT_ASSET_PATHS = "\"CircleProgressBar/Preview Content\"";
				ENABLE_PREVIEWS = YES;
				INFOPLIST_FILE = CircleProgressBar/Info.plist;
				IPHONEOS_DEPLOYMENT_TARGET = 14.0;
				LD_RUNPATH_SEARCH_PATHS = (
					"$(inherited)",
					"@executable_path/Frameworks",
				);
				PRODUCT_BUNDLE_IDENTIFIER = com.DevLiuSir.CircleProgressBar;
				PRODUCT_NAME = "$(TARGET_NAME)";
				SWIFT_VERSION = 5.0;
				TARGETED_DEVICE_FAMILY = "1,2";
			};
			name = Release;
		};
/* End XCBuildConfiguration section */

/* Begin XCConfigurationList section */
		6BA41B9D255C3A0300918859 /* Build configuration list for PBXProject "CircleProgressBar" */ = {
			isa = XCConfigurationList;
			buildConfigurations = (
				6BA41BAF255C3A0500918859 /* Debug */,
				6BA41BB0255C3A0500918859 /* Release */,
			);
			defaultConfigurationIsVisible = 0;
			defaultConfigurationName = Release;
		};
		6BA41BB1255C3A0500918859 /* Build configuration list for PBXNativeTarget "CircleProgressBar" */ = {
			isa = XCConfigurationList;
			buildConfigurations = (
				6BA41BB2255C3A0500918859 /* Debug */,
				6BA41BB3255C3A0500918859 /* Release */,
			);
			defaultConfigurationIsVisible = 0;
			defaultConfigurationName = Release;
		};
/* End XCConfigurationList section */
	};
	rootObject = 6BA41B9A255C3A0300918859 /* Project object */;
}
