// !$*UTF8*$!
{
	archiveVersion = 1;
	classes = {
	};
	objectVersion = 50;
	objects = {

/* Begin PBXBuildFile section */
		6BBE1EB1246D352700DD9B88 /* AppDelegate.swift in Sources */ = {isa = PBXBuildFile; fileRef = 6BBE1EB0246D352700DD9B88 /* AppDelegate.swift */; };
		6BBE1EB3246D352700DD9B88 /* SceneDelegate.swift in Sources */ = {isa = PBXBuildFile; fileRef = 6BBE1EB2246D352700DD9B88 /* SceneDelegate.swift */; };
		6BBE1EB7246D352800DD9B88 /* Assets.xcassets in Resources */ = {isa = PBXBuildFile; fileRef = 6BBE1EB6246D352800DD9B88 /* Assets.xcassets */; };
		6BBE1EBA246D352800DD9B88 /* Preview Assets.xcassets in Resources */ = {isa = PBXBuildFile; fileRef = 6BBE1EB9246D352800DD9B88 /* Preview Assets.xcassets */; };
		6BBE1EBD246D352800DD9B88 /* LaunchScreen.storyboard in Resources */ = {isa = PBXBuildFile; fileRef = 6BBE1EBB246D352800DD9B88 /* LaunchScreen.storyboard */; };
		6BBE1EC8246D355800DD9B88 /* ProgressBar.swift in Sources */ = {isa = PBXBuildFile; fileRef = 6BBE1EC4246D355700DD9B88 /* ProgressBar.swift */; };
		6BBE1EC9246D355800DD9B88 /* ProgressTrackView.swift in Sources */ = {isa = PBXBuildFile; fileRef = 6BBE1EC5246D355700DD9B88 /* ProgressTrackView.swift */; };
		6BBE1ECA246D355800DD9B88 /* ClockView.swift in Sources */ = {isa = PBXBuildFile; fileRef = 6BBE1EC6246D355800DD9B88 /* ClockView.swift */; };
		6BBE1ECB246D355800DD9B88 /* CountdownView.swift in Sources */ = {isa = PBXBuildFile; fileRef = 6BBE1EC7246D355800DD9B88 /* CountdownView.swift */; };
/* End PBXBuildFile section */

/* Begin PBXFileReference section */
		6BBE1EAD246D352700DD9B88 /* Countdown.app */ = {isa = PBXFileReference; explicitFileType = wrapper.application; includeInIndex = 0; path = Countdown.app; sourceTree = BUILT_PRODUCTS_DIR; };
		6BBE1EB0246D352700DD9B88 /* AppDelegate.swift */ = {isa = PBXFileReference; lastKnownFileType = sourcecode.swift; path = AppDelegate.swift; sourceTree = "<group>"; };
		6BBE1EB2246D352700DD9B88 /* SceneDelegate.swift */ = {isa = PBXFileReference; lastKnownFileType = sourcecode.swift; path = SceneDelegate.swift; sourceTree = "<group>"; };
		6BBE1EB6246D352800DD9B88 /* Assets.xcassets */ = {isa = PBXFileReference; lastKnownFileType = folder.assetcatalog; path = Assets.xcassets; sourceTree = "<group>"; };
		6BBE1EB9246D352800DD9B88 /* Preview Assets.xcassets */ = {isa = PBXFileReference; lastKnownFileType = folder.assetcatalog; path = "Preview Assets.xcassets"; sourceTree = "<group>"; };
		6BBE1EBC246D352800DD9B88 /* Base */ = {isa = PBXFileReference; lastKnownFileType = file.storyboard; name = Base; path = Base.lproj/LaunchScreen.storyboard; sourceTree = "<group>"; };
		6BBE1EBE246D352800DD9B88 /* Info.plist */ = {isa = PBXFileReference; lastKnownFileType = text.plist.xml; path = Info.plist; sourceTree = "<group>"; };
		6BBE1EC4246D355700DD9B88 /* ProgressBar.swift */ = {isa = PBXFileReference; fileEncoding = 4; lastKnownFileType = sourcecode.swift; path = ProgressBar.swift; sourceTree = "<group>"; };
		6BBE1EC5246D355700DD9B88 /* ProgressTrackView.swift */ = {isa = PBXFileReference; fileEncoding = 4; lastKnownFileType = sourcecode.swift; path = ProgressTrackView.swift; sourceTree = "<group>"; };
		6BBE1EC6246D355800DD9B88 /* ClockView.swift */ = {isa = PBXFileReference; fileEncoding = 4; lastKnownFileType = sourcecode.swift; path = ClockView.swift; sourceTree = "<group>"; };
		6BBE1EC7246D355800DD9B88 /* CountdownView.swift */ = {isa = PBXFileReference; fileEncoding = 4; lastKnownFileType = sourcecode.swift; path = CountdownView.swift; sourceTree = "<group>"; };
/* End PBXFileReference section */

/* Begin PBXFrameworksBuildPhase section */
		6BBE1EAA246D352700DD9B88 /* Frameworks */ = {
			isa = PBXFrameworksBuildPhase;
			buildActionMask = 2147483647;
			files = (
			);
			runOnlyForDeploymentPostprocessing = 0;
		};
/* End PBXFrameworksBuildPhase section */

/* Begin PBXGroup section */
		6BBE1EA4246D352700DD9B88 = {
			isa = PBXGroup;
			children = (
				6BBE1EAF246D352700DD9B88 /* Countdown */,
				6BBE1EAE246D352700DD9B88 /* Products */,
			);
			sourceTree = "<group>";
		};
		6BBE1EAE246D352700DD9B88 /* Products */ = {
			isa = PBXGroup;
			children = (
				6BBE1EAD246D352700DD9B88 /* Countdown.app */,
			);
			name = Products;
			sourceTree = "<group>";
		};
		6BBE1EAF246D352700DD9B88 /* Countdown */ = {
			isa = PBXGroup;
			children = (
				6BBE1EB0246D352700DD9B88 /* AppDelegate.swift */,
				6BBE1EB2246D352700DD9B88 /* SceneDelegate.swift */,
				6BBE1EC7246D355800DD9B88 /* CountdownView.swift */,
				6BBE1EC6246D355800DD9B88 /* ClockView.swift */,
				6BBE1EC4246D355700DD9B88 /* ProgressBar.swift */,
				6BBE1EC5246D355700DD9B88 /* ProgressTrackView.swift */,
				6BBE1EB6246D352800DD9B88 /* Assets.xcassets */,
				6BBE1EBB246D352800DD9B88 /* LaunchScreen.storyboard */,
				6BBE1EBE246D352800DD9B88 /* Info.plist */,
				6BBE1EB8246D352800DD9B88 /* Preview Content */,
			);
			path = Countdown;
			sourceTree = "<group>";
		};
		6BBE1EB8246D352800DD9B88 /* Preview Content */ = {
			isa = PBXGroup;
			children = (
				6BBE1EB9246D352800DD9B88 /* Preview Assets.xcassets */,
			);
			path = "Preview Content";
			sourceTree = "<group>";
		};
/* End PBXGroup section */

/* Begin PBXNativeTarget section */
		6BBE1EAC246D352700DD9B88 /* Countdown */ = {
			isa = PBXNativeTarget;
			buildConfigurationList = 6BBE1EC1246D352800DD9B88 /* Build configuration list for PBXNativeTarget "Countdown" */;
			buildPhases = (
				6BBE1EA9246D352700DD9B88 /* Sources */,
				6BBE1EAA246D352700DD9B88 /* Frameworks */,
				6BBE1EAB246D352700DD9B88 /* Resources */,
			);
			buildRules = (
			);
			dependencies = (
			);
			name = Countdown;
			productName = Countdown;
			productReference = 6BBE1EAD246D352700DD9B88 /* Countdown.app */;
			productType = "com.apple.product-type.application";
		};
/* End PBXNativeTarget section */

/* Begin PBXProject section */
		6BBE1EA5246D352700DD9B88 /* Project object */ = {
			isa = PBXProject;
			attributes = {
				LastSwiftUpdateCheck = 1130;
				LastUpgradeCheck = 1200;
				ORGANIZATIONNAME = "Liu Chuan";
				TargetAttributes = {
					6BBE1EAC246D352700DD9B88 = {
						CreatedOnToolsVersion = 11.3;
					};
				};
			};
			buildConfigurationList = 6BBE1EA8246D352700DD9B88 /* Build configuration list for PBXProject "Countdown" */;
			compatibilityVersion = "Xcode 9.3";
			developmentRegion = en;
			hasScannedForEncodings = 0;
			knownRegions = (
				en,
				Base,
			);
			mainGroup = 6BBE1EA4246D352700DD9B88;
			productRefGroup = 6BBE1EAE246D352700DD9B88 /* Products */;
			projectDirPath = "";
			projectRoot = "";
			targets = (
				6BBE1EAC246D352700DD9B88 /* Countdown */,
			);
		};
/* End PBXProject section */

/* Begin PBXResourcesBuildPhase section */
		6BBE1EAB246D352700DD9B88 /* Resources */ = {
			isa = PBXResourcesBuildPhase;
			buildActionMask = 2147483647;
			files = (
				6BBE1EBD246D352800DD9B88 /* LaunchScreen.storyboard in Resources */,
				6BBE1EBA246D352800DD9B88 /* Preview Assets.xcassets in Resources */,
				6BBE1EB7246D352800DD9B88 /* Assets.xcassets in Resources */,
			);
			runOnlyForDeploymentPostprocessing = 0;
		};
/* End PBXResourcesBuildPhase section */

/* Begin PBXSourcesBuildPhase section */
		6BBE1EA9246D352700DD9B88 /* Sources */ = {
			isa = PBXSourcesBuildPhase;
			buildActionMask = 2147483647;
			files = (
				6BBE1ECB246D355800DD9B88 /* CountdownView.swift in Sources */,
				6BBE1EB1246D352700DD9B88 /* AppDelegate.swift in Sources */,
				6BBE1ECA246D355800DD9B88 /* ClockView.swift in Sources */,
				6BBE1EC8246D355800DD9B88 /* ProgressBar.swift in Sources */,
				6BBE1EB3246D352700DD9B88 /* SceneDelegate.swift in Sources */,
				6BBE1EC9246D355800DD9B88 /* ProgressTrackView.swift in Sources */,
			);
			runOnlyForDeploymentPostprocessing = 0;
		};
/* End PBXSourcesBuildPhase section */

/* Begin PBXVariantGroup section */
		6BBE1EBB246D352800DD9B88 /* LaunchScreen.storyboard */ = {
			isa = PBXVariantGroup;
			children = (
				6BBE1EBC246D352800DD9B88 /* Base */,
			);
			name = LaunchScreen.storyboard;
			sourceTree = "<group>";
		};
/* End PBXVariantGroup section */

/* Begin XCBuildConfiguration section */
		6BBE1EBF246D352800DD9B88 /* Debug */ = {
			isa = XCBuildConfiguration;
			buildSettings = {
				ALWAYS_SEARCH_USER_PATHS = NO;
				CLANG_ANALYZER_NONNULL = YES;
				CLANG_ANALYZER_NUMBER_OBJECT_CONVERSION = YES_AGGRESSIVE;
				CLANG_CXX_LANGUAGE_STANDARD = "gnu++14";
				CLANG_CXX_LIBRARY = "libc++";
				CLANG_ENABLE_MODULES = YES;
				CLANG_ENABLE_OBJC_ARC = YES;
				CLANG_ENABLE_OBJC_WEAK = YES;
				CLANG_WARN_BLOCK_CAPTURE_AUTORELEASING = YES;
				CLANG_WARN_BOOL_CONVERSION = YES;
				CLANG_WARN_COMMA = YES;
				CLANG_WARN_CONSTANT_CONVERSION = YES;
				CLANG_WARN_DEPRECATED_OBJC_IMPLEMENTATIONS = YES;
				CLANG_WARN_DIRECT_OBJC_ISA_USAGE = YES_ERROR;
				CLANG_WARN_DOCUMENTATION_COMMENTS = YES;
				CLANG_WARN_EMPTY_BODY = YES;
				CLANG_WARN_ENUM_CONVERSION = YES;
				CLANG_WARN_INFINITE_RECURSION = YES;
				CLANG_WARN_INT_CONVERSION = YES;
				CLANG_WARN_NON_LITERAL_NULL_CONVERSION = YES;
				CLANG_WARN_OBJC_IMPLICIT_RETAIN_SELF = YES;
				CLANG_WARN_OBJC_LITERAL_CONVERSION = YES;
				CLANG_WARN_OBJC_ROOT_CLASS = YES_ERROR;
				CLANG_WARN_QUOTED_INCLUDE_IN_FRAMEWORK_HEADER = YES;
				CLANG_WARN_RANGE_LOOP_ANALYSIS = YES;
				CLANG_WARN_STRICT_PROTOTYPES = YES;
				CLANG_WARN_SUSPICIOUS_MOVE = YES;
				CLANG_WARN_UNGUARDED_AVAILABILITY = YES_AGGRESSIVE;
				CLANG_WARN_UNREACHABLE_CODE = YES;
				CLANG_WARN__DUPLICATE_METHOD_MATCH = YES;
				COPY_PHASE_STRIP = NO;
				DEBUG_INFORMATION_FORMAT = dwarf;
				ENABLE_STRICT_OBJC_MSGSEND = YES;
				ENABLE_TESTABILITY = YES;
				GCC_C_LANGUAGE_STANDARD = gnu11;
				GCC_DYNAMIC_NO_PIC = NO;
				GCC_NO_COMMON_BLOCKS = YES;
				GCC_OPTIMIZATION_LEVEL = 0;
				GCC_PREPROCESSOR_DEFINITIONS = (
					"DEBUG=1",
					"$(inherited)",
				);
				GCC_WARN_64_TO_32_BIT_CONVERSION = YES;
				GCC_WARN_ABOUT_RETURN_TYPE = YES_ERROR;
				GCC_WARN_UNDECLARED_SELECTOR = YES;
				GCC_WARN_UNINITIALIZED_AUTOS = YES_AGGRESSIVE;
				GCC_WARN_UNUSED_FUNCTION = YES;
				GCC_WARN_UNUSED_VARIABLE = YES;
				IPHONEOS_DEPLOYMENT_TARGET = 14.0;
				MTL_ENABLE_DEBUG_INFO = INCLUDE_SOURCE;
				MTL_FAST_MATH = YES;
				ONLY_ACTIVE_ARCH = YES;
				SDKROOT = iphoneos;
				SWIFT_ACTIVE_COMPILATION_CONDITIONS = DEBUG;
				SWIFT_OPTIMIZATION_LEVEL = "-Onone";
			};
			name = Debug;
		};
		6BBE1EC0246D352800DD9B88 /* Release */ = {
			isa = XCBuildConfiguration;
			buildSettings = {
				ALWAYS_SEARCH_USER_PATHS = NO;
				CLANG_ANALYZER_NONNULL = YES;
				CLANG_ANALYZER_NUMBER_OBJECT_CONVERSION = YES_AGGRESSIVE;
				CLANG_CXX_LANGUAGE_STANDARD = "gnu++14";
				CLANG_CXX_LIBRARY = "libc++";
				CLANG_ENABLE_MODULES = YES;
				CLANG_ENABLE_OBJC_ARC = YES;
				CLANG_ENABLE_OBJC_WEAK = YES;
				CLANG_WARN_BLOCK_CAPTURE_AUTORELEASING = YES;
				CLANG_WARN_BOOL_CONVERSION = YES;
				CLANG_WARN_COMMA = YES;
				CLANG_WARN_CONSTANT_CONVERSION = YES;
				CLANG_WARN_DEPRECATED_OBJC_IMPLEMENTATIONS = YES;
				CLANG_WARN_DIRECT_OBJC_ISA_USAGE = YES_ERROR;
				CLANG_WARN_DOCUMENTATION_COMMENTS = YES;
				CLANG_WARN_EMPTY_BODY = YES;
				CLANG_WARN_ENUM_CONVERSION = YES;
				CLANG_WARN_INFINITE_RECURSION = YES;
				CLANG_WARN_INT_CONVERSION = YES;
				CLANG_WARN_NON_LITERAL_NULL_CONVERSION = YES;
				CLANG_WARN_OBJC_IMPLICIT_RETAIN_SELF = YES;
				CLANG_WARN_OBJC_LITERAL_CONVERSION = YES;
				CLANG_WARN_OBJC_ROOT_CLASS = YES_ERROR;
				CLANG_WARN_QUOTED_INCLUDE_IN_FRAMEWORK_HEADER = YES;
				CLANG_WARN_RANGE_LOOP_ANALYSIS = YES;
				CLANG_WARN_STRICT_PROTOTYPES = YES;
				CLANG_WARN_SUSPICIOUS_MOVE = YES;
				CLANG_WARN_UNGUARDED_AVAILABILITY = YES_AGGRESSIVE;
				CLANG_WARN_UNREACHABLE_CODE = YES;
				CLANG_WARN__DUPLICATE_METHOD_MATCH = YES;
				COPY_PHASE_STRIP = NO;
				DEBUG_INFORMATION_FORMAT = "dwarf-with-dsym";
				ENABLE_NS_ASSERTIONS = NO;
				ENABLE_STRICT_OBJC_MSGSEND = YES;
				GCC_C_LANGUAGE_STANDARD = gnu11;
				GCC_NO_COMMON_BLOCKS = YES;
				GCC_WARN_64_TO_32_BIT_CONVERSION = YES;
				GCC_WARN_ABOUT_RETURN_TYPE = YES_ERROR;
				GCC_WARN_UNDECLARED_SELECTOR = YES;
				GCC_WARN_UNINITIALIZED_AUTOS = YES_AGGRESSIVE;
				GCC_WARN_UNUSED_FUNCTION = YES;
				GCC_WARN_UNUSED_VARIABLE = YES;
				IPHONEOS_DEPLOYMENT_TARGET = 14.0;
				MTL_ENABLE_DEBUG_INFO = NO;
				MTL_FAST_MATH = YES;
				SDKROOT = iphoneos;
				SWIFT_COMPILATION_MODE = wholemodule;
				SWIFT_OPTIMIZATION_LEVEL = "-O";
				VALIDATE_PRODUCT = YES;
			};
			name = Release;
		};
		6BBE1EC2246D352800DD9B88 /* Debug */ = {
			isa = XCBuildConfiguration;
			buildSettings = {
				ASSETCATALOG_COMPILER_APPICON_NAME = AppIcon;
				CODE_SIGN_STYLE = Automatic;
				DEVELOPMENT_ASSET_PATHS = "\"Countdown/Preview Content\"";
				ENABLE_PREVIEWS = YES;
				INFOPLIST_FILE = Countdown/Info.plist;
				LD_RUNPATH_SEARCH_PATHS = (
					"$(inherited)",
					"@executable_path/Frameworks",
				);
				PRODUCT_BUNDLE_IDENTIFIER = io.github.DevLiuSir.Countdown;
				PRODUCT_NAME = "$(TARGET_NAME)";
				SWIFT_VERSION = 5.0;
				TARGETED_DEVICE_FAMILY = "1,2";
			};
			name = Debug;
		};
		6BBE1EC3246D352800DD9B88 /* Release */ = {
			isa = XCBuildConfiguration;
			buildSettings = {
				ASSETCATALOG_COMPILER_APPICON_NAME = AppIcon;
				CODE_SIGN_STYLE = Automatic;
				DEVELOPMENT_ASSET_PATHS = "\"Countdown/Preview Content\"";
				ENABLE_PREVIEWS = YES;
				INFOPLIST_FILE = Countdown/Info.plist;
				LD_RUNPATH_SEARCH_PATHS = (
					"$(inherited)",
					"@executable_path/Frameworks",
				);
				PRODUCT_BUNDLE_IDENTIFIER = io.github.DevLiuSir.Countdown;
				PRODUCT_NAME = "$(TARGET_NAME)";
				SWIFT_VERSION = 5.0;
				TARGETED_DEVICE_FAMILY = "1,2";
			};
			name = Release;
		};
/* End XCBuildConfiguration section */

/* Begin XCConfigurationList section */
		6BBE1EA8246D352700DD9B88 /* Build configuration list for PBXProject "Countdown" */ = {
			isa = XCConfigurationList;
			buildConfigurations = (
				6BBE1EBF246D352800DD9B88 /* Debug */,
				6BBE1EC0246D352800DD9B88 /* Release */,
			);
			defaultConfigurationIsVisible = 0;
			defaultConfigurationName = Release;
		};
		6BBE1EC1246D352800DD9B88 /* Build configuration list for PBXNativeTarget "Countdown" */ = {
			isa = XCConfigurationList;
			buildConfigurations = (
				6BBE1EC2246D352800DD9B88 /* Debug */,
				6BBE1EC3246D352800DD9B88 /* Release */,
			);
			defaultConfigurationIsVisible = 0;
			defaultConfigurationName = Release;
		};
/* End XCConfigurationList section */
	};
	rootObject = 6BBE1EA5246D352700DD9B88 /* Project object */;
}
